// !$*UTF8*$!
{
	archiveVersion = 1;
	classes = {
	};
	objectVersion = 50;
	objects = {

/* Begin PBXBuildFile section */
		B041990221553EF600C98F21 /* AppDelegate.swift in Sources */ = {isa = PBXBuildFile; fileRef = B041990121553EF600C98F21 /* AppDelegate.swift */; };
		B041990421553EF600C98F21 /* ViewController.swift in Sources */ = {isa = PBXBuildFile; fileRef = B041990321553EF600C98F21 /* ViewController.swift */; };
		B041990721553EF600C98F21 /* Main.storyboard in Resources */ = {isa = PBXBuildFile; fileRef = B041990521553EF600C98F21 /* Main.storyboard */; };
		B041990921553EF700C98F21 /* Assets.xcassets in Resources */ = {isa = PBXBuildFile; fileRef = B041990821553EF700C98F21 /* Assets.xcassets */; };
		B041990C21553EF700C98F21 /* LaunchScreen.storyboard in Resources */ = {isa = PBXBuildFile; fileRef = B041990A21553EF700C98F21 /* LaunchScreen.storyboard */; };
		B041991721553EF700C98F21 /* helloTests.swift in Sources */ = {isa = PBXBuildFile; fileRef = B041991621553EF700C98F21 /* helloTests.swift */; };
		B041992221553EF700C98F21 /* helloUITests.swift in Sources */ = {isa = PBXBuildFile; fileRef = B041992121553EF700C98F21 /* helloUITests.swift */; };
/* End PBXBuildFile section */

/* Begin PBXContainerItemProxy section */
		B041991321553EF700C98F21 /* PBXContainerItemProxy */ = {
			isa = PBXContainerItemProxy;
			containerPortal = B04198F621553EF600C98F21 /* Project object */;
			proxyType = 1;
			remoteGlobalIDString = B04198FD21553EF600C98F21;
			remoteInfo = hello;
		};
		B041991E21553EF700C98F21 /* PBXContainerItemProxy */ = {
			isa = PBXContainerItemProxy;
			containerPortal = B04198F621553EF600C98F21 /* Project object */;
			proxyType = 1;
			remoteGlobalIDString = B04198FD21553EF600C98F21;
			remoteInfo = hello;
		};
/* End PBXContainerItemProxy section */

/* Begin PBXFileReference section */
		B04198FE21553EF600C98F21 /* hello.app */ = {isa = PBXFileReference; explicitFileType = wrapper.application; includeInIndex = 0; path = hello.app; sourceTree = BUILT_PRODUCTS_DIR; };
		B041990121553EF600C98F21 /* AppDelegate.swift */ = {isa = PBXFileReference; lastKnownFileType = sourcecode.swift; path = AppDelegate.swift; sourceTree = "<group>"; };
		B041990321553EF600C98F21 /* ViewController.swift */ = {isa = PBXFileReference; lastKnownFileType = sourcecode.swift; path = ViewController.swift; sourceTree = "<group>"; };
		B041990621553EF600C98F21 /* Base */ = {isa = PBXFileReference; lastKnownFileType = file.storyboard; name = Base; path = Base.lproj/Main.storyboard; sourceTree = "<group>"; };
		B041990821553EF700C98F21 /* Assets.xcassets */ = {isa = PBXFileReference; lastKnownFileType = folder.assetcatalog; path = Assets.xcassets; sourceTree = "<group>"; };
		B041990B21553EF700C98F21 /* Base */ = {isa = PBXFileReference; lastKnownFileType = file.storyboard; name = Base; path = Base.lproj/LaunchScreen.storyboard; sourceTree = "<group>"; };
		B041990D21553EF700C98F21 /* Info.plist */ = {isa = PBXFileReference; lastKnownFileType = text.plist.xml; path = Info.plist; sourceTree = "<group>"; };
		B041991221553EF700C98F21 /* helloTests.xctest */ = {isa = PBXFileReference; explicitFileType = wrapper.cfbundle; includeInIndex = 0; path = helloTests.xctest; sourceTree = BUILT_PRODUCTS_DIR; };
		B041991621553EF700C98F21 /* helloTests.swift */ = {isa = PBXFileReference; lastKnownFileType = sourcecode.swift; path = helloTests.swift; sourceTree = "<group>"; };
		B041991821553EF700C98F21 /* Info.plist */ = {isa = PBXFileReference; lastKnownFileType = text.plist.xml; path = Info.plist; sourceTree = "<group>"; };
		B041991D21553EF700C98F21 /* helloUITests.xctest */ = {isa = PBXFileReference; explicitFileType = wrapper.cfbundle; includeInIndex = 0; path = helloUITests.xctest; sourceTree = BUILT_PRODUCTS_DIR; };
		B041992121553EF700C98F21 /* helloUITests.swift */ = {isa = PBXFileReference; lastKnownFileType = sourcecode.swift; path = helloUITests.swift; sourceTree = "<group>"; };
		B041992321553EF700C98F21 /* Info.plist */ = {isa = PBXFileReference; lastKnownFileType = text.plist.xml; path = Info.plist; sourceTree = "<group>"; };
/* End PBXFileReference section */

/* Begin PBXFrameworksBuildPhase section */
		B04198FB21553EF600C98F21 /* Frameworks */ = {
			isa = PBXFrameworksBuildPhase;
			buildActionMask = 2147483647;
			files = (
			);
			runOnlyForDeploymentPostprocessing = 0;
		};
		B041990F21553EF700C98F21 /* Frameworks */ = {
			isa = PBXFrameworksBuildPhase;
			buildActionMask = 2147483647;
			files = (
			);
			runOnlyForDeploymentPostprocessing = 0;
		};
		B041991A21553EF700C98F21 /* Frameworks */ = {
			isa = PBXFrameworksBuildPhase;
			buildActionMask = 2147483647;
			files = (
			);
			runOnlyForDeploymentPostprocessing = 0;
		};
/* End PBXFrameworksBuildPhase section */

/* Begin PBXGroup section */
		B04198F521553EF600C98F21 = {
			isa = PBXGroup;
			children = (
				B041990021553EF600C98F21 /* hello */,
				B041991521553EF700C98F21 /* helloTests */,
				B041992021553EF700C98F21 /* helloUITests */,
				B04198FF21553EF600C98F21 /* Products */,
			);
			sourceTree = "<group>";
		};
		B04198FF21553EF600C98F21 /* Products */ = {
			isa = PBXGroup;
			children = (
				B04198FE21553EF600C98F21 /* hello.app */,
				B041991221553EF700C98F21 /* helloTests.xctest */,
				B041991D21553EF700C98F21 /* helloUITests.xctest */,
			);
			name = Products;
			sourceTree = "<group>";
		};
		B041990021553EF600C98F21 /* hello */ = {
			isa = PBXGroup;
			children = (
				B041990121553EF600C98F21 /* AppDelegate.swift */,
				B041990321553EF600C98F21 /* ViewController.swift */,
				B041990521553EF600C98F21 /* Main.storyboard */,
				B041990821553EF700C98F21 /* Assets.xcassets */,
				B041990A21553EF700C98F21 /* LaunchScreen.storyboard */,
				B041990D21553EF700C98F21 /* Info.plist */,
			);
			path = hello;
			sourceTree = "<group>";
		};
		B041991521553EF700C98F21 /* helloTests */ = {
			isa = PBXGroup;
			children = (
				B041991621553EF700C98F21 /* helloTests.swift */,
				B041991821553EF700C98F21 /* Info.plist */,
			);
			path = helloTests;
			sourceTree = "<group>";
		};
		B041992021553EF700C98F21 /* helloUITests */ = {
			isa = PBXGroup;
			children = (
				B041992121553EF700C98F21 /* helloUITests.swift */,
				B041992321553EF700C98F21 /* Info.plist */,
			);
			path = helloUITests;
			sourceTree = "<group>";
		};
/* End PBXGroup section */

/* Begin PBXNativeTarget section */
		B04198FD21553EF600C98F21 /* hello */ = {
			isa = PBXNativeTarget;
			buildConfigurationList = B041992621553EF700C98F21 /* Build configuration list for PBXNativeTarget "hello" */;
			buildPhases = (
				B04198FA21553EF600C98F21 /* Sources */,
				B04198FB21553EF600C98F21 /* Frameworks */,
				B04198FC21553EF600C98F21 /* Resources */,
			);
			buildRules = (
			);
			dependencies = (
			);
			name = hello;
			productName = hello;
			productReference = B04198FE21553EF600C98F21 /* hello.app */;
			productType = "com.apple.product-type.application";
		};
		B041991121553EF700C98F21 /* helloTests */ = {
			isa = PBXNativeTarget;
			buildConfigurationList = B041992921553EF700C98F21 /* Build configuration list for PBXNativeTarget "helloTests" */;
			buildPhases = (
				B041990E21553EF700C98F21 /* Sources */,
				B041990F21553EF700C98F21 /* Frameworks */,
				B041991021553EF700C98F21 /* Resources */,
			);
			buildRules = (
			);
			dependencies = (
				B041991421553EF700C98F21 /* PBXTargetDependency */,
			);
			name = helloTests;
			productName = helloTests;
			productReference = B041991221553EF700C98F21 /* helloTests.xctest */;
			productType = "com.apple.product-type.bundle.unit-test";
		};
		B041991C21553EF700C98F21 /* helloUITests */ = {
			isa = PBXNativeTarget;
			buildConfigurationList = B041992C21553EF700C98F21 /* Build configuration list for PBXNativeTarget "helloUITests" */;
			buildPhases = (
				B041991921553EF700C98F21 /* Sources */,
				B041991A21553EF700C98F21 /* Frameworks */,
				B041991B21553EF700C98F21 /* Resources */,
			);
			buildRules = (
			);
			dependencies = (
				B041991F21553EF700C98F21 /* PBXTargetDependency */,
			);
			name = helloUITests;
			productName = helloUITests;
			productReference = B041991D21553EF700C98F21 /* helloUITests.xctest */;
			productType = "com.apple.product-type.bundle.ui-testing";
		};
/* End PBXNativeTarget section */

/* Begin PBXProject section */
		B04198F621553EF600C98F21 /* Project object */ = {
			isa = PBXProject;
			attributes = {
				LastSwiftUpdateCheck = 0940;
				LastUpgradeCheck = 0940;
				ORGANIZATIONNAME = "Bess Ho";
				TargetAttributes = {
					B04198FD21553EF600C98F21 = {
						CreatedOnToolsVersion = 9.4.1;
					};
					B041991121553EF700C98F21 = {
						CreatedOnToolsVersion = 9.4.1;
						TestTargetID = B04198FD21553EF600C98F21;
					};
					B041991C21553EF700C98F21 = {
						CreatedOnToolsVersion = 9.4.1;
						TestTargetID = B04198FD21553EF600C98F21;
					};
				};
			};
			buildConfigurationList = B04198F921553EF600C98F21 /* Build configuration list for PBXProject "hello" */;
			compatibilityVersion = "Xcode 9.3";
			developmentRegion = en;
			hasScannedForEncodings = 0;
			knownRegions = (
				en,
				Base,
			);
			mainGroup = B04198F521553EF600C98F21;
			productRefGroup = B04198FF21553EF600C98F21 /* Products */;
			projectDirPath = "";
			projectRoot = "";
			targets = (
				B04198FD21553EF600C98F21 /* hello */,
				B041991121553EF700C98F21 /* helloTests */,
				B041991C21553EF700C98F21 /* helloUITests */,
			);
		};
/* End PBXProject section */

/* Begin PBXResourcesBuildPhase section */
		B04198FC21553EF600C98F21 /* Resources */ = {
			isa = PBXResourcesBuildPhase;
			buildActionMask = 2147483647;
			files = (
				B041990C21553EF700C98F21 /* LaunchScreen.storyboard in Resources */,
				B041990921553EF700C98F21 /* Assets.xcassets in Resources */,
				B041990721553EF600C98F21 /* Main.storyboard in Resources */,
			);
			runOnlyForDeploymentPostprocessing = 0;
		};
		B041991021553EF700C98F21 /* Resources */ = {
			isa = PBXResourcesBuildPhase;
			buildActionMask = 2147483647;
			files = (
			);
			runOnlyForDeploymentPostprocessing = 0;
		};
		B041991B21553EF700C98F21 /* Resources */ = {
			isa = PBXResourcesBuildPhase;
			buildActionMask = 2147483647;
			files = (
			);
			runOnlyForDeploymentPostprocessing = 0;
		};
/* End PBXResourcesBuildPhase section */

/* Begin PBXSourcesBuildPhase section */
		B04198FA21553EF600C98F21 /* Sources */ = {
			isa = PBXSourcesBuildPhase;
			buildActionMask = 2147483647;
			files = (
				B041990421553EF600C98F21 /* ViewController.swift in Sources */,
				B041990221553EF600C98F21 /* AppDelegate.swift in Sources */,
			);
			runOnlyForDeploymentPostprocessing = 0;
		};
		B041990E21553EF700C98F21 /* Sources */ = {
			isa = PBXSourcesBuildPhase;
			buildActionMask = 2147483647;
			files = (
				B041991721553EF700C98F21 /* helloTests.swift in Sources */,
			);
			runOnlyForDeploymentPostprocessing = 0;
		};
		B041991921553EF700C98F21 /* Sources */ = {
			isa = PBXSourcesBuildPhase;
			buildActionMask = 2147483647;
			files = (
				B041992221553EF700C98F21 /* helloUITests.swift in Sources */,
			);
			runOnlyForDeploymentPostprocessing = 0;
		};
/* End PBXSourcesBuildPhase section */

/* Begin PBXTargetDependency section */
		B041991421553EF700C98F21 /* PBXTargetDependency */ = {
			isa = PBXTargetDependency;
			target = B04198FD21553EF600C98F21 /* hello */;
			targetProxy = B041991321553EF700C98F21 /* PBXContainerItemProxy */;
		};
		B041991F21553EF700C98F21 /* PBXTargetDependency */ = {
			isa = PBXTargetDependency;
			target = B04198FD21553EF600C98F21 /* hello */;
			targetProxy = B041991E21553EF700C98F21 /* PBXContainerItemProxy */;
		};
/* End PBXTargetDependency section */

/* Begin PBXVariantGroup section */
		B041990521553EF600C98F21 /* Main.storyboard */ = {
			isa = PBXVariantGroup;
			children = (
				B041990621553EF600C98F21 /* Base */,
			);
			name = Main.storyboard;
			sourceTree = "<group>";
		};
		B041990A21553EF700C98F21 /* LaunchScreen.storyboard */ = {
			isa = PBXVariantGroup;
			children = (
				B041990B21553EF700C98F21 /* Base */,
			);
			name = LaunchScreen.storyboard;
			sourceTree = "<group>";
		};
/* End PBXVariantGroup section */

/* Begin XCBuildConfiguration section */
		B041992421553EF700C98F21 /* Debug */ = {
			isa = XCBuildConfiguration;
			buildSettings = {
				ALWAYS_SEARCH_USER_PATHS = NO;
				CLANG_ANALYZER_NONNULL = YES;
				CLANG_ANALYZER_NUMBER_OBJECT_CONVERSION = YES_AGGRESSIVE;
				CLANG_CXX_LANGUAGE_STANDARD = "gnu++14";
				CLANG_CXX_LIBRARY = "libc++";
				CLANG_ENABLE_MODULES = YES;
				CLANG_ENABLE_OBJC_ARC = YES;
				CLANG_ENABLE_OBJC_WEAK = YES;
				CLANG_WARN_BLOCK_CAPTURE_AUTORELEASING = YES;
				CLANG_WARN_BOOL_CONVERSION = YES;
				CLANG_WARN_COMMA = YES;
				CLANG_WARN_CONSTANT_CONVERSION = YES;
				CLANG_WARN_DEPRECATED_OBJC_IMPLEMENTATIONS = YES;
				CLANG_WARN_DIRECT_OBJC_ISA_USAGE = YES_ERROR;
				CLANG_WARN_DOCUMENTATION_COMMENTS = YES;
				CLANG_WARN_EMPTY_BODY = YES;
				CLANG_WARN_ENUM_CONVERSION = YES;
				CLANG_WARN_INFINITE_RECURSION = YES;
				CLANG_WARN_INT_CONVERSION = YES;
				CLANG_WARN_NON_LITERAL_NULL_CONVERSION = YES;
				CLANG_WARN_OBJC_IMPLICIT_RETAIN_SELF = YES;
				CLANG_WARN_OBJC_LITERAL_CONVERSION = YES;
				CLANG_WARN_OBJC_ROOT_CLASS = YES_ERROR;
				CLANG_WARN_RANGE_LOOP_ANALYSIS = YES;
				CLANG_WARN_STRICT_PROTOTYPES = YES;
				CLANG_WARN_SUSPICIOUS_MOVE = YES;
				CLANG_WARN_UNGUARDED_AVAILABILITY = YES_AGGRESSIVE;
				CLANG_WARN_UNREACHABLE_CODE = YES;
				CLANG_WARN__DUPLICATE_METHOD_MATCH = YES;
				CODE_SIGN_IDENTITY = "iPhone Developer";
				COPY_PHASE_STRIP = NO;
				DEBUG_INFORMATION_FORMAT = dwarf;
				ENABLE_STRICT_OBJC_MSGSEND = YES;
				ENABLE_TESTABILITY = YES;
				GCC_C_LANGUAGE_STANDARD = gnu11;
				GCC_DYNAMIC_NO_PIC = NO;
				GCC_NO_COMMON_BLOCKS = YES;
				GCC_OPTIMIZATION_LEVEL = 0;
				GCC_PREPROCESSOR_DEFINITIONS = (
					"DEBUG=1",
					"$(inherited)",
				);
				GCC_WARN_64_TO_32_BIT_CONVERSION = YES;
				GCC_WARN_ABOUT_RETURN_TYPE = YES_ERROR;
				GCC_WARN_UNDECLARED_SELECTOR = YES;
				GCC_WARN_UNINITIALIZED_AUTOS = YES_AGGRESSIVE;
				GCC_WARN_UNUSED_FUNCTION = YES;
				GCC_WARN_UNUSED_VARIABLE = YES;
				IPHONEOS_DEPLOYMENT_TARGET = 11.4;
				MTL_ENABLE_DEBUG_INFO = YES;
				ONLY_ACTIVE_ARCH = YES;
				SDKROOT = iphoneos;
				SWIFT_ACTIVE_COMPILATION_CONDITIONS = DEBUG;
				SWIFT_OPTIMIZATION_LEVEL = "-Onone";
			};
			name = Debug;
		};
		B041992521553EF700C98F21 /* Release */ = {
			isa = XCBuildConfiguration;
			buildSettings = {
				ALWAYS_SEARCH_USER_PATHS = NO;
				CLANG_ANALYZER_NONNULL = YES;
				CLANG_ANALYZER_NUMBER_OBJECT_CONVERSION = YES_AGGRESSIVE;
				CLANG_CXX_LANGUAGE_STANDARD = "gnu++14";
				CLANG_CXX_LIBRARY = "libc++";
				CLANG_ENABLE_MODULES = YES;
				CLANG_ENABLE_OBJC_ARC = YES;
				CLANG_ENABLE_OBJC_WEAK = YES;
				CLANG_WARN_BLOCK_CAPTURE_AUTORELEASING = YES;
				CLANG_WARN_BOOL_CONVERSION = YES;
				CLANG_WARN_COMMA = YES;
				CLANG_WARN_CONSTANT_CONVERSION = YES;
				CLANG_WARN_DEPRECATED_OBJC_IMPLEMENTATIONS = YES;
				CLANG_WARN_DIRECT_OBJC_ISA_USAGE = YES_ERROR;
				CLANG_WARN_DOCUMENTATION_COMMENTS = YES;
				CLANG_WARN_EMPTY_BODY = YES;
				CLANG_WARN_ENUM_CONVERSION = YES;
				CLANG_WARN_INFINITE_RECURSION = YES;
				CLANG_WARN_INT_CONVERSION = YES;
				CLANG_WARN_NON_LITERAL_NULL_CONVERSION = YES;
				CLANG_WARN_OBJC_IMPLICIT_RETAIN_SELF = YES;
				CLANG_WARN_OBJC_LITERAL_CONVERSION = YES;
				CLANG_WARN_OBJC_ROOT_CLASS = YES_ERROR;
				CLANG_WARN_RANGE_LOOP_ANALYSIS = YES;
				CLANG_WARN_STRICT_PROTOTYPES = YES;
				CLANG_WARN_SUSPICIOUS_MOVE = YES;
				CLANG_WARN_UNGUARDED_AVAILABILITY = YES_AGGRESSIVE;
				CLANG_WARN_UNREACHABLE_CODE = YES;
				CLANG_WARN__DUPLICATE_METHOD_MATCH = YES;
				CODE_SIGN_IDENTITY = "iPhone Developer";
				COPY_PHASE_STRIP = NO;
				DEBUG_INFORMATION_FORMAT = "dwarf-with-dsym";
				ENABLE_NS_ASSERTIONS = NO;
				ENABLE_STRICT_OBJC_MSGSEND = YES;
				GCC_C_LANGUAGE_STANDARD = gnu11;
				GCC_NO_COMMON_BLOCKS = YES;
				GCC_WARN_64_TO_32_BIT_CONVERSION = YES;
				GCC_WARN_ABOUT_RETURN_TYPE = YES_ERROR;
				GCC_WARN_UNDECLARED_SELECTOR = YES;
				GCC_WARN_UNINITIALIZED_AUTOS = YES_AGGRESSIVE;
				GCC_WARN_UNUSED_FUNCTION = YES;
				GCC_WARN_UNUSED_VARIABLE = YES;
				IPHONEOS_DEPLOYMENT_TARGET = 11.4;
				MTL_ENABLE_DEBUG_INFO = NO;
				SDKROOT = iphoneos;
				SWIFT_COMPILATION_MODE = wholemodule;
				SWIFT_OPTIMIZATION_LEVEL = "-O";
				VALIDATE_PRODUCT = YES;
			};
			name = Release;
		};
		B041992721553EF700C98F21 /* Debug */ = {
			isa = XCBuildConfiguration;
			buildSettings = {
				ASSETCATALOG_COMPILER_APPICON_NAME = AppIcon;
				CODE_SIGN_STYLE = Automatic;
				INFOPLIST_FILE = hello/Info.plist;
				LD_RUNPATH_SEARCH_PATHS = (
					"$(inherited)",
					"@executable_path/Frameworks",
				);
				PRODUCT_BUNDLE_IDENTIFIER = com.BessHo.hello;
				PRODUCT_NAME = "$(TARGET_NAME)";
				SWIFT_VERSION = 4.0;
				TARGETED_DEVICE_FAMILY = "1,2";
			};
			name = Debug;
		};
		B041992821553EF700C98F21 /* Release */ = {
			isa = XCBuildConfiguration;
			buildSettings = {
				ASSETCATALOG_COMPILER_APPICON_NAME = AppIcon;
				CODE_SIGN_STYLE = Automatic;
				INFOPLIST_FILE = hello/Info.plist;
				LD_RUNPATH_SEARCH_PATHS = (
					"$(inherited)",
					"@executable_path/Frameworks",
				);
				PRODUCT_BUNDLE_IDENTIFIER = com.BessHo.hello;
				PRODUCT_NAME = "$(TARGET_NAME)";
				SWIFT_VERSION = 4.0;
				TARGETED_DEVICE_FAMILY = "1,2";
			};
			name = Release;
		};
		B041992A21553EF700C98F21 /* Debug */ = {
			isa = XCBuildConfiguration;
			buildSettings = {
				ALWAYS_EMBED_SWIFT_STANDARD_LIBRARIES = YES;
				BUNDLE_LOADER = "$(TEST_HOST)";
				CODE_SIGN_STYLE = Automatic;
				INFOPLIST_FILE = helloTests/Info.plist;
				LD_RUNPATH_SEARCH_PATHS = (
					"$(inherited)",
					"@executable_path/Frameworks",
					"@loader_path/Frameworks",
				);
				PRODUCT_BUNDLE_IDENTIFIER = com.BessHo.helloTests;
				PRODUCT_NAME = "$(TARGET_NAME)";
				SWIFT_VERSION = 4.0;
				TARGETED_DEVICE_FAMILY = "1,2";
				TEST_HOST = "$(BUILT_PRODUCTS_DIR)/hello.app/hello";
			};
			name = Debug;
		};
		B041992B21553EF700C98F21 /* Release */ = {
			isa = XCBuildConfiguration;
			buildSettings = {
				ALWAYS_EMBED_SWIFT_STANDARD_LIBRARIES = YES;
				BUNDLE_LOADER = "$(TEST_HOST)";
				CODE_SIGN_STYLE = Automatic;
				INFOPLIST_FILE = helloTests/Info.plist;
				LD_RUNPATH_SEARCH_PATHS = (
					"$(inherited)",
					"@executable_path/Frameworks",
					"@loader_path/Frameworks",
				);
				PRODUCT_BUNDLE_IDENTIFIER = com.BessHo.helloTests;
				PRODUCT_NAME = "$(TARGET_NAME)";
				SWIFT_VERSION = 4.0;
				TARGETED_DEVICE_FAMILY = "1,2";
				TEST_HOST = "$(BUILT_PRODUCTS_DIR)/hello.app/hello";
			};
			name = Release;
		};
		B041992D21553EF700C98F21 /* Debug */ = {
			isa = XCBuildConfiguration;
			buildSettings = {
				ALWAYS_EMBED_SWIFT_STANDARD_LIBRARIES = YES;
				CODE_SIGN_STYLE = Automatic;
				INFOPLIST_FILE = helloUITests/Info.plist;
				LD_RUNPATH_SEARCH_PATHS = (
					"$(inherited)",
					"@executable_path/Frameworks",
					"@loader_path/Frameworks",
				);
				PRODUCT_BUNDLE_IDENTIFIER = com.BessHo.helloUITests;
				PRODUCT_NAME = "$(TARGET_NAME)";
				SWIFT_VERSION = 4.0;
				TARGETED_DEVICE_FAMILY = "1,2";
				TEST_TARGET_NAME = hello;
			};
			name = Debug;
		};
		B041992E21553EF700C98F21 /* Release */ = {
			isa = XCBuildConfiguration;
			buildSettings = {
				ALWAYS_EMBED_SWIFT_STANDARD_LIBRARIES = YES;
				CODE_SIGN_STYLE = Automatic;
				INFOPLIST_FILE = helloUITests/Info.plist;
				LD_RUNPATH_SEARCH_PATHS = (
					"$(inherited)",
					"@executable_path/Frameworks",
					"@loader_path/Frameworks",
				);
				PRODUCT_BUNDLE_IDENTIFIER = com.BessHo.helloUITests;
				PRODUCT_NAME = "$(TARGET_NAME)";
				SWIFT_VERSION = 4.0;
				TARGETED_DEVICE_FAMILY = "1,2";
				TEST_TARGET_NAME = hello;
			};
			name = Release;
		};
/* End XCBuildConfiguration section */

/* Begin XCConfigurationList section */
		B04198F921553EF600C98F21 /* Build configuration list for PBXProject "hello" */ = {
			isa = XCConfigurationList;
			buildConfigurations = (
				B041992421553EF700C98F21 /* Debug */,
				B041992521553EF700C98F21 /* Release */,
			);
			defaultConfigurationIsVisible = 0;
			defaultConfigurationName = Release;
		};
		B041992621553EF700C98F21 /* Build configuration list for PBXNativeTarget "hello" */ = {
			isa = XCConfigurationList;
			buildConfigurations = (
				B041992721553EF700C98F21 /* Debug */,
				B041992821553EF700C98F21 /* Release */,
			);
			defaultConfigurationIsVisible = 0;
			defaultConfigurationName = Release;
		};
		B041992921553EF700C98F21 /* Build configuration list for PBXNativeTarget "helloTests" */ = {
			isa = XCConfigurationList;
			buildConfigurations = (
				B041992A21553EF700C98F21 /* Debug */,
				B041992B21553EF700C98F21 /* Release */,
			);
			defaultConfigurationIsVisible = 0;
			defaultConfigurationName = Release;
		};
		B041992C21553EF700C98F21 /* Build configuration list for PBXNativeTarget "helloUITests" */ = {
			isa = XCConfigurationList;
			buildConfigurations = (
				B041992D21553EF700C98F21 /* Debug */,
				B041992E21553EF700C98F21 /* Release */,
			);
			defaultConfigurationIsVisible = 0;
			defaultConfigurationName = Release;
		};
/* End XCConfigurationList section */
	};
	rootObject = B04198F621553EF600C98F21 /* Project object */;
}
