// !$*UTF8*$!
{
	archiveVersion = 1;
	classes = {
	};
	objectVersion = 50;
	objects = {

/* Begin PBXBuildFile section */
		01EB70312184A4E7005FC229 /* AppDelegate.swift in Sources */ = {isa = PBXBuildFile; fileRef = 01EB70302184A4E7005FC229 /* AppDelegate.swift */; };
		01EB70332184A4E7005FC229 /* ViewController.swift in Sources */ = {isa = PBXBuildFile; fileRef = 01EB70322184A4E7005FC229 /* ViewController.swift */; };
		01EB70362184A4E7005FC229 /* Main.storyboard in Resources */ = {isa = PBXBuildFile; fileRef = 01EB70342184A4E7005FC229 /* Main.storyboard */; };
		01EB70382184A4E9005FC229 /* Assets.xcassets in Resources */ = {isa = PBXBuildFile; fileRef = 01EB70372184A4E9005FC229 /* Assets.xcassets */; };
		01EB703B2184A4E9005FC229 /* LaunchScreen.storyboard in Resources */ = {isa = PBXBuildFile; fileRef = 01EB70392184A4E9005FC229 /* LaunchScreen.storyboard */; };
		01EB70462184A4E9005FC229 /* unwindTests.swift in Sources */ = {isa = PBXBuildFile; fileRef = 01EB70452184A4E9005FC229 /* unwindTests.swift */; };
		01EB70512184A4E9005FC229 /* unwindUITests.swift in Sources */ = {isa = PBXBuildFile; fileRef = 01EB70502184A4E9005FC229 /* unwindUITests.swift */; };
		01EB705F2184AB99005FC229 /* TwoViewController.swift in Sources */ = {isa = PBXBuildFile; fileRef = 01EB705E2184AB99005FC229 /* TwoViewController.swift */; };
		01EB70612184ABB4005FC229 /* ThreeViewController.swift in Sources */ = {isa = PBXBuildFile; fileRef = 01EB70602184ABB4005FC229 /* ThreeViewController.swift */; };
/* End PBXBuildFile section */

/* Begin PBXContainerItemProxy section */
		01EB70422184A4E9005FC229 /* PBXContainerItemProxy */ = {
			isa = PBXContainerItemProxy;
			containerPortal = 01EB70252184A4E7005FC229 /* Project object */;
			proxyType = 1;
			remoteGlobalIDString = 01EB702C2184A4E7005FC229;
			remoteInfo = unwind;
		};
		01EB704D2184A4E9005FC229 /* PBXContainerItemProxy */ = {
			isa = PBXContainerItemProxy;
			containerPortal = 01EB70252184A4E7005FC229 /* Project object */;
			proxyType = 1;
			remoteGlobalIDString = 01EB702C2184A4E7005FC229;
			remoteInfo = unwind;
		};
/* End PBXContainerItemProxy section */

/* Begin PBXFileReference section */
		01EB702D2184A4E7005FC229 /* unwind.app */ = {isa = PBXFileReference; explicitFileType = wrapper.application; includeInIndex = 0; path = unwind.app; sourceTree = BUILT_PRODUCTS_DIR; };
		01EB70302184A4E7005FC229 /* AppDelegate.swift */ = {isa = PBXFileReference; lastKnownFileType = sourcecode.swift; path = AppDelegate.swift; sourceTree = "<group>"; };
		01EB70322184A4E7005FC229 /* ViewController.swift */ = {isa = PBXFileReference; lastKnownFileType = sourcecode.swift; path = ViewController.swift; sourceTree = "<group>"; };
		01EB70352184A4E7005FC229 /* Base */ = {isa = PBXFileReference; lastKnownFileType = file.storyboard; name = Base; path = Base.lproj/Main.storyboard; sourceTree = "<group>"; };
		01EB70372184A4E9005FC229 /* Assets.xcassets */ = {isa = PBXFileReference; lastKnownFileType = folder.assetcatalog; path = Assets.xcassets; sourceTree = "<group>"; };
		01EB703A2184A4E9005FC229 /* Base */ = {isa = PBXFileReference; lastKnownFileType = file.storyboard; name = Base; path = Base.lproj/LaunchScreen.storyboard; sourceTree = "<group>"; };
		01EB703C2184A4E9005FC229 /* Info.plist */ = {isa = PBXFileReference; lastKnownFileType = text.plist.xml; path = Info.plist; sourceTree = "<group>"; };
		01EB70412184A4E9005FC229 /* unwindTests.xctest */ = {isa = PBXFileReference; explicitFileType = wrapper.cfbundle; includeInIndex = 0; path = unwindTests.xctest; sourceTree = BUILT_PRODUCTS_DIR; };
		01EB70452184A4E9005FC229 /* unwindTests.swift */ = {isa = PBXFileReference; lastKnownFileType = sourcecode.swift; path = unwindTests.swift; sourceTree = "<group>"; };
		01EB70472184A4E9005FC229 /* Info.plist */ = {isa = PBXFileReference; lastKnownFileType = text.plist.xml; path = Info.plist; sourceTree = "<group>"; };
		01EB704C2184A4E9005FC229 /* unwindUITests.xctest */ = {isa = PBXFileReference; explicitFileType = wrapper.cfbundle; includeInIndex = 0; path = unwindUITests.xctest; sourceTree = BUILT_PRODUCTS_DIR; };
		01EB70502184A4E9005FC229 /* unwindUITests.swift */ = {isa = PBXFileReference; lastKnownFileType = sourcecode.swift; path = unwindUITests.swift; sourceTree = "<group>"; };
		01EB70522184A4E9005FC229 /* Info.plist */ = {isa = PBXFileReference; lastKnownFileType = text.plist.xml; path = Info.plist; sourceTree = "<group>"; };
		01EB705E2184AB99005FC229 /* TwoViewController.swift */ = {isa = PBXFileReference; lastKnownFileType = sourcecode.swift; path = TwoViewController.swift; sourceTree = "<group>"; };
		01EB70602184ABB4005FC229 /* ThreeViewController.swift */ = {isa = PBXFileReference; lastKnownFileType = sourcecode.swift; path = ThreeViewController.swift; sourceTree = "<group>"; };
/* End PBXFileReference section */

/* Begin PBXFrameworksBuildPhase section */
		01EB702A2184A4E7005FC229 /* Frameworks */ = {
			isa = PBXFrameworksBuildPhase;
			buildActionMask = 2147483647;
			files = (
			);
			runOnlyForDeploymentPostprocessing = 0;
		};
		01EB703E2184A4E9005FC229 /* Frameworks */ = {
			isa = PBXFrameworksBuildPhase;
			buildActionMask = 2147483647;
			files = (
			);
			runOnlyForDeploymentPostprocessing = 0;
		};
		01EB70492184A4E9005FC229 /* Frameworks */ = {
			isa = PBXFrameworksBuildPhase;
			buildActionMask = 2147483647;
			files = (
			);
			runOnlyForDeploymentPostprocessing = 0;
		};
/* End PBXFrameworksBuildPhase section */

/* Begin PBXGroup section */
		01EB70242184A4E7005FC229 = {
			isa = PBXGroup;
			children = (
				01EB702F2184A4E7005FC229 /* unwind */,
				01EB70442184A4E9005FC229 /* unwindTests */,
				01EB704F2184A4E9005FC229 /* unwindUITests */,
				01EB702E2184A4E7005FC229 /* Products */,
			);
			sourceTree = "<group>";
		};
		01EB702E2184A4E7005FC229 /* Products */ = {
			isa = PBXGroup;
			children = (
				01EB702D2184A4E7005FC229 /* unwind.app */,
				01EB70412184A4E9005FC229 /* unwindTests.xctest */,
				01EB704C2184A4E9005FC229 /* unwindUITests.xctest */,
			);
			name = Products;
			sourceTree = "<group>";
		};
		01EB702F2184A4E7005FC229 /* unwind */ = {
			isa = PBXGroup;
			children = (
				01EB70302184A4E7005FC229 /* AppDelegate.swift */,
				01EB70322184A4E7005FC229 /* ViewController.swift */,
				01EB70342184A4E7005FC229 /* Main.storyboard */,
				01EB705E2184AB99005FC229 /* TwoViewController.swift */,
				01EB70602184ABB4005FC229 /* ThreeViewController.swift */,
				01EB70372184A4E9005FC229 /* Assets.xcassets */,
				01EB70392184A4E9005FC229 /* LaunchScreen.storyboard */,
				01EB703C2184A4E9005FC229 /* Info.plist */,
			);
			path = unwind;
			sourceTree = "<group>";
		};
		01EB70442184A4E9005FC229 /* unwindTests */ = {
			isa = PBXGroup;
			children = (
				01EB70452184A4E9005FC229 /* unwindTests.swift */,
				01EB70472184A4E9005FC229 /* Info.plist */,
			);
			path = unwindTests;
			sourceTree = "<group>";
		};
		01EB704F2184A4E9005FC229 /* unwindUITests */ = {
			isa = PBXGroup;
			children = (
				01EB70502184A4E9005FC229 /* unwindUITests.swift */,
				01EB70522184A4E9005FC229 /* Info.plist */,
			);
			path = unwindUITests;
			sourceTree = "<group>";
		};
/* End PBXGroup section */

/* Begin PBXNativeTarget section */
		01EB702C2184A4E7005FC229 /* unwind */ = {
			isa = PBXNativeTarget;
			buildConfigurationList = 01EB70552184A4E9005FC229 /* Build configuration list for PBXNativeTarget "unwind" */;
			buildPhases = (
				01EB70292184A4E7005FC229 /* Sources */,
				01EB702A2184A4E7005FC229 /* Frameworks */,
				01EB702B2184A4E7005FC229 /* Resources */,
			);
			buildRules = (
			);
			dependencies = (
			);
			name = unwind;
			productName = unwind;
			productReference = 01EB702D2184A4E7005FC229 /* unwind.app */;
			productType = "com.apple.product-type.application";
		};
		01EB70402184A4E9005FC229 /* unwindTests */ = {
			isa = PBXNativeTarget;
			buildConfigurationList = 01EB70582184A4E9005FC229 /* Build configuration list for PBXNativeTarget "unwindTests" */;
			buildPhases = (
				01EB703D2184A4E9005FC229 /* Sources */,
				01EB703E2184A4E9005FC229 /* Frameworks */,
				01EB703F2184A4E9005FC229 /* Resources */,
			);
			buildRules = (
			);
			dependencies = (
				01EB70432184A4E9005FC229 /* PBXTargetDependency */,
			);
			name = unwindTests;
			productName = unwindTests;
			productReference = 01EB70412184A4E9005FC229 /* unwindTests.xctest */;
			productType = "com.apple.product-type.bundle.unit-test";
		};
		01EB704B2184A4E9005FC229 /* unwindUITests */ = {
			isa = PBXNativeTarget;
			buildConfigurationList = 01EB705B2184A4E9005FC229 /* Build configuration list for PBXNativeTarget "unwindUITests" */;
			buildPhases = (
				01EB70482184A4E9005FC229 /* Sources */,
				01EB70492184A4E9005FC229 /* Frameworks */,
				01EB704A2184A4E9005FC229 /* Resources */,
			);
			buildRules = (
			);
			dependencies = (
				01EB704E2184A4E9005FC229 /* PBXTargetDependency */,
			);
			name = unwindUITests;
			productName = unwindUITests;
			productReference = 01EB704C2184A4E9005FC229 /* unwindUITests.xctest */;
			productType = "com.apple.product-type.bundle.ui-testing";
		};
/* End PBXNativeTarget section */

/* Begin PBXProject section */
		01EB70252184A4E7005FC229 /* Project object */ = {
			isa = PBXProject;
			attributes = {
				LastSwiftUpdateCheck = 1000;
				LastUpgradeCheck = 1000;
				ORGANIZATIONNAME = "Bernard Ventura";
				TargetAttributes = {
					01EB702C2184A4E7005FC229 = {
						CreatedOnToolsVersion = 10.0;
					};
					01EB70402184A4E9005FC229 = {
						CreatedOnToolsVersion = 10.0;
						TestTargetID = 01EB702C2184A4E7005FC229;
					};
					01EB704B2184A4E9005FC229 = {
						CreatedOnToolsVersion = 10.0;
						TestTargetID = 01EB702C2184A4E7005FC229;
					};
				};
			};
			buildConfigurationList = 01EB70282184A4E7005FC229 /* Build configuration list for PBXProject "unwind" */;
			compatibilityVersion = "Xcode 9.3";
			developmentRegion = en;
			hasScannedForEncodings = 0;
			knownRegions = (
				en,
				Base,
			);
			mainGroup = 01EB70242184A4E7005FC229;
			productRefGroup = 01EB702E2184A4E7005FC229 /* Products */;
			projectDirPath = "";
			projectRoot = "";
			targets = (
				01EB702C2184A4E7005FC229 /* unwind */,
				01EB70402184A4E9005FC229 /* unwindTests */,
				01EB704B2184A4E9005FC229 /* unwindUITests */,
			);
		};
/* End PBXProject section */

/* Begin PBXResourcesBuildPhase section */
		01EB702B2184A4E7005FC229 /* Resources */ = {
			isa = PBXResourcesBuildPhase;
			buildActionMask = 2147483647;
			files = (
				01EB703B2184A4E9005FC229 /* LaunchScreen.storyboard in Resources */,
				01EB70382184A4E9005FC229 /* Assets.xcassets in Resources */,
				01EB70362184A4E7005FC229 /* Main.storyboard in Resources */,
			);
			runOnlyForDeploymentPostprocessing = 0;
		};
		01EB703F2184A4E9005FC229 /* Resources */ = {
			isa = PBXResourcesBuildPhase;
			buildActionMask = 2147483647;
			files = (
			);
			runOnlyForDeploymentPostprocessing = 0;
		};
		01EB704A2184A4E9005FC229 /* Resources */ = {
			isa = PBXResourcesBuildPhase;
			buildActionMask = 2147483647;
			files = (
			);
			runOnlyForDeploymentPostprocessing = 0;
		};
/* End PBXResourcesBuildPhase section */

/* Begin PBXSourcesBuildPhase section */
		01EB70292184A4E7005FC229 /* Sources */ = {
			isa = PBXSourcesBuildPhase;
			buildActionMask = 2147483647;
			files = (
				01EB70332184A4E7005FC229 /* ViewController.swift in Sources */,
				01EB70312184A4E7005FC229 /* AppDelegate.swift in Sources */,
				01EB705F2184AB99005FC229 /* TwoViewController.swift in Sources */,
				01EB70612184ABB4005FC229 /* ThreeViewController.swift in Sources */,
			);
			runOnlyForDeploymentPostprocessing = 0;
		};
		01EB703D2184A4E9005FC229 /* Sources */ = {
			isa = PBXSourcesBuildPhase;
			buildActionMask = 2147483647;
			files = (
				01EB70462184A4E9005FC229 /* unwindTests.swift in Sources */,
			);
			runOnlyForDeploymentPostprocessing = 0;
		};
		01EB70482184A4E9005FC229 /* Sources */ = {
			isa = PBXSourcesBuildPhase;
			buildActionMask = 2147483647;
			files = (
				01EB70512184A4E9005FC229 /* unwindUITests.swift in Sources */,
			);
			runOnlyForDeploymentPostprocessing = 0;
		};
/* End PBXSourcesBuildPhase section */

/* Begin PBXTargetDependency section */
		01EB70432184A4E9005FC229 /* PBXTargetDependency */ = {
			isa = PBXTargetDependency;
			target = 01EB702C2184A4E7005FC229 /* unwind */;
			targetProxy = 01EB70422184A4E9005FC229 /* PBXContainerItemProxy */;
		};
		01EB704E2184A4E9005FC229 /* PBXTargetDependency */ = {
			isa = PBXTargetDependency;
			target = 01EB702C2184A4E7005FC229 /* unwind */;
			targetProxy = 01EB704D2184A4E9005FC229 /* PBXContainerItemProxy */;
		};
/* End PBXTargetDependency section */

/* Begin PBXVariantGroup section */
		01EB70342184A4E7005FC229 /* Main.storyboard */ = {
			isa = PBXVariantGroup;
			children = (
				01EB70352184A4E7005FC229 /* Base */,
			);
			name = Main.storyboard;
			sourceTree = "<group>";
		};
		01EB70392184A4E9005FC229 /* LaunchScreen.storyboard */ = {
			isa = PBXVariantGroup;
			children = (
				01EB703A2184A4E9005FC229 /* Base */,
			);
			name = LaunchScreen.storyboard;
			sourceTree = "<group>";
		};
/* End PBXVariantGroup section */

/* Begin XCBuildConfiguration section */
		01EB70532184A4E9005FC229 /* Debug */ = {
			isa = XCBuildConfiguration;
			buildSettings = {
				ALWAYS_SEARCH_USER_PATHS = NO;
				CLANG_ANALYZER_NONNULL = YES;
				CLANG_ANALYZER_NUMBER_OBJECT_CONVERSION = YES_AGGRESSIVE;
				CLANG_CXX_LANGUAGE_STANDARD = "gnu++14";
				CLANG_CXX_LIBRARY = "libc++";
				CLANG_ENABLE_MODULES = YES;
				CLANG_ENABLE_OBJC_ARC = YES;
				CLANG_ENABLE_OBJC_WEAK = YES;
				CLANG_WARN_BLOCK_CAPTURE_AUTORELEASING = YES;
				CLANG_WARN_BOOL_CONVERSION = YES;
				CLANG_WARN_COMMA = YES;
				CLANG_WARN_CONSTANT_CONVERSION = YES;
				CLANG_WARN_DEPRECATED_OBJC_IMPLEMENTATIONS = YES;
				CLANG_WARN_DIRECT_OBJC_ISA_USAGE = YES_ERROR;
				CLANG_WARN_DOCUMENTATION_COMMENTS = YES;
				CLANG_WARN_EMPTY_BODY = YES;
				CLANG_WARN_ENUM_CONVERSION = YES;
				CLANG_WARN_INFINITE_RECURSION = YES;
				CLANG_WARN_INT_CONVERSION = YES;
				CLANG_WARN_NON_LITERAL_NULL_CONVERSION = YES;
				CLANG_WARN_OBJC_IMPLICIT_RETAIN_SELF = YES;
				CLANG_WARN_OBJC_LITERAL_CONVERSION = YES;
				CLANG_WARN_OBJC_ROOT_CLASS = YES_ERROR;
				CLANG_WARN_RANGE_LOOP_ANALYSIS = YES;
				CLANG_WARN_STRICT_PROTOTYPES = YES;
				CLANG_WARN_SUSPICIOUS_MOVE = YES;
				CLANG_WARN_UNGUARDED_AVAILABILITY = YES_AGGRESSIVE;
				CLANG_WARN_UNREACHABLE_CODE = YES;
				CLANG_WARN__DUPLICATE_METHOD_MATCH = YES;
				CODE_SIGN_IDENTITY = "iPhone Developer";
				COPY_PHASE_STRIP = NO;
				DEBUG_INFORMATION_FORMAT = dwarf;
				ENABLE_STRICT_OBJC_MSGSEND = YES;
				ENABLE_TESTABILITY = YES;
				GCC_C_LANGUAGE_STANDARD = gnu11;
				GCC_DYNAMIC_NO_PIC = NO;
				GCC_NO_COMMON_BLOCKS = YES;
				GCC_OPTIMIZATION_LEVEL = 0;
				GCC_PREPROCESSOR_DEFINITIONS = (
					"DEBUG=1",
					"$(inherited)",
				);
				GCC_WARN_64_TO_32_BIT_CONVERSION = YES;
				GCC_WARN_ABOUT_RETURN_TYPE = YES_ERROR;
				GCC_WARN_UNDECLARED_SELECTOR = YES;
				GCC_WARN_UNINITIALIZED_AUTOS = YES_AGGRESSIVE;
				GCC_WARN_UNUSED_FUNCTION = YES;
				GCC_WARN_UNUSED_VARIABLE = YES;
				IPHONEOS_DEPLOYMENT_TARGET = 12.0;
				MTL_ENABLE_DEBUG_INFO = INCLUDE_SOURCE;
				MTL_FAST_MATH = YES;
				ONLY_ACTIVE_ARCH = YES;
				SDKROOT = iphoneos;
				SWIFT_ACTIVE_COMPILATION_CONDITIONS = DEBUG;
				SWIFT_OPTIMIZATION_LEVEL = "-Onone";
			};
			name = Debug;
		};
		01EB70542184A4E9005FC229 /* Release */ = {
			isa = XCBuildConfiguration;
			buildSettings = {
				ALWAYS_SEARCH_USER_PATHS = NO;
				CLANG_ANALYZER_NONNULL = YES;
				CLANG_ANALYZER_NUMBER_OBJECT_CONVERSION = YES_AGGRESSIVE;
				CLANG_CXX_LANGUAGE_STANDARD = "gnu++14";
				CLANG_CXX_LIBRARY = "libc++";
				CLANG_ENABLE_MODULES = YES;
				CLANG_ENABLE_OBJC_ARC = YES;
				CLANG_ENABLE_OBJC_WEAK = YES;
				CLANG_WARN_BLOCK_CAPTURE_AUTORELEASING = YES;
				CLANG_WARN_BOOL_CONVERSION = YES;
				CLANG_WARN_COMMA = YES;
				CLANG_WARN_CONSTANT_CONVERSION = YES;
				CLANG_WARN_DEPRECATED_OBJC_IMPLEMENTATIONS = YES;
				CLANG_WARN_DIRECT_OBJC_ISA_USAGE = YES_ERROR;
				CLANG_WARN_DOCUMENTATION_COMMENTS = YES;
				CLANG_WARN_EMPTY_BODY = YES;
				CLANG_WARN_ENUM_CONVERSION = YES;
				CLANG_WARN_INFINITE_RECURSION = YES;
				CLANG_WARN_INT_CONVERSION = YES;
				CLANG_WARN_NON_LITERAL_NULL_CONVERSION = YES;
				CLANG_WARN_OBJC_IMPLICIT_RETAIN_SELF = YES;
				CLANG_WARN_OBJC_LITERAL_CONVERSION = YES;
				CLANG_WARN_OBJC_ROOT_CLASS = YES_ERROR;
				CLANG_WARN_RANGE_LOOP_ANALYSIS = YES;
				CLANG_WARN_STRICT_PROTOTYPES = YES;
				CLANG_WARN_SUSPICIOUS_MOVE = YES;
				CLANG_WARN_UNGUARDED_AVAILABILITY = YES_AGGRESSIVE;
				CLANG_WARN_UNREACHABLE_CODE = YES;
				CLANG_WARN__DUPLICATE_METHOD_MATCH = YES;
				CODE_SIGN_IDENTITY = "iPhone Developer";
				COPY_PHASE_STRIP = NO;
				DEBUG_INFORMATION_FORMAT = "dwarf-with-dsym";
				ENABLE_NS_ASSERTIONS = NO;
				ENABLE_STRICT_OBJC_MSGSEND = YES;
				GCC_C_LANGUAGE_STANDARD = gnu11;
				GCC_NO_COMMON_BLOCKS = YES;
				GCC_WARN_64_TO_32_BIT_CONVERSION = YES;
				GCC_WARN_ABOUT_RETURN_TYPE = YES_ERROR;
				GCC_WARN_UNDECLARED_SELECTOR = YES;
				GCC_WARN_UNINITIALIZED_AUTOS = YES_AGGRESSIVE;
				GCC_WARN_UNUSED_FUNCTION = YES;
				GCC_WARN_UNUSED_VARIABLE = YES;
				IPHONEOS_DEPLOYMENT_TARGET = 12.0;
				MTL_ENABLE_DEBUG_INFO = NO;
				MTL_FAST_MATH = YES;
				SDKROOT = iphoneos;
				SWIFT_COMPILATION_MODE = wholemodule;
				SWIFT_OPTIMIZATION_LEVEL = "-O";
				VALIDATE_PRODUCT = YES;
			};
			name = Release;
		};
		01EB70562184A4E9005FC229 /* Debug */ = {
			isa = XCBuildConfiguration;
			buildSettings = {
				ASSETCATALOG_COMPILER_APPICON_NAME = AppIcon;
				CODE_SIGN_STYLE = Automatic;
				INFOPLIST_FILE = unwind/Info.plist;
				LD_RUNPATH_SEARCH_PATHS = (
					"$(inherited)",
					"@executable_path/Frameworks",
				);
				PRODUCT_BUNDLE_IDENTIFIER = "Bernard-Ventura.unwind";
				PRODUCT_NAME = "$(TARGET_NAME)";
				SWIFT_VERSION = 4.2;
				TARGETED_DEVICE_FAMILY = "1,2";
			};
			name = Debug;
		};
		01EB70572184A4E9005FC229 /* Release */ = {
			isa = XCBuildConfiguration;
			buildSettings = {
				ASSETCATALOG_COMPILER_APPICON_NAME = AppIcon;
				CODE_SIGN_STYLE = Automatic;
				INFOPLIST_FILE = unwind/Info.plist;
				LD_RUNPATH_SEARCH_PATHS = (
					"$(inherited)",
					"@executable_path/Frameworks",
				);
				PRODUCT_BUNDLE_IDENTIFIER = "Bernard-Ventura.unwind";
				PRODUCT_NAME = "$(TARGET_NAME)";
				SWIFT_VERSION = 4.2;
				TARGETED_DEVICE_FAMILY = "1,2";
			};
			name = Release;
		};
		01EB70592184A4E9005FC229 /* Debug */ = {
			isa = XCBuildConfiguration;
			buildSettings = {
				ALWAYS_EMBED_SWIFT_STANDARD_LIBRARIES = YES;
				BUNDLE_LOADER = "$(TEST_HOST)";
				CODE_SIGN_STYLE = Automatic;
				INFOPLIST_FILE = unwindTests/Info.plist;
				LD_RUNPATH_SEARCH_PATHS = (
					"$(inherited)",
					"@executable_path/Frameworks",
					"@loader_path/Frameworks",
				);
				PRODUCT_BUNDLE_IDENTIFIER = "Bernard-Ventura.unwindTests";
				PRODUCT_NAME = "$(TARGET_NAME)";
				SWIFT_VERSION = 4.2;
				TARGETED_DEVICE_FAMILY = "1,2";
				TEST_HOST = "$(BUILT_PRODUCTS_DIR)/unwind.app/unwind";
			};
			name = Debug;
		};
		01EB705A2184A4E9005FC229 /* Release */ = {
			isa = XCBuildConfiguration;
			buildSettings = {
				ALWAYS_EMBED_SWIFT_STANDARD_LIBRARIES = YES;
				BUNDLE_LOADER = "$(TEST_HOST)";
				CODE_SIGN_STYLE = Automatic;
				INFOPLIST_FILE = unwindTests/Info.plist;
				LD_RUNPATH_SEARCH_PATHS = (
					"$(inherited)",
					"@executable_path/Frameworks",
					"@loader_path/Frameworks",
				);
				PRODUCT_BUNDLE_IDENTIFIER = "Bernard-Ventura.unwindTests";
				PRODUCT_NAME = "$(TARGET_NAME)";
				SWIFT_VERSION = 4.2;
				TARGETED_DEVICE_FAMILY = "1,2";
				TEST_HOST = "$(BUILT_PRODUCTS_DIR)/unwind.app/unwind";
			};
			name = Release;
		};
		01EB705C2184A4E9005FC229 /* Debug */ = {
			isa = XCBuildConfiguration;
			buildSettings = {
				ALWAYS_EMBED_SWIFT_STANDARD_LIBRARIES = YES;
				CODE_SIGN_STYLE = Automatic;
				INFOPLIST_FILE = unwindUITests/Info.plist;
				LD_RUNPATH_SEARCH_PATHS = (
					"$(inherited)",
					"@executable_path/Frameworks",
					"@loader_path/Frameworks",
				);
				PRODUCT_BUNDLE_IDENTIFIER = "Bernard-Ventura.unwindUITests";
				PRODUCT_NAME = "$(TARGET_NAME)";
				SWIFT_VERSION = 4.2;
				TARGETED_DEVICE_FAMILY = "1,2";
				TEST_TARGET_NAME = unwind;
			};
			name = Debug;
		};
		01EB705D2184A4E9005FC229 /* Release */ = {
			isa = XCBuildConfiguration;
			buildSettings = {
				ALWAYS_EMBED_SWIFT_STANDARD_LIBRARIES = YES;
				CODE_SIGN_STYLE = Automatic;
				INFOPLIST_FILE = unwindUITests/Info.plist;
				LD_RUNPATH_SEARCH_PATHS = (
					"$(inherited)",
					"@executable_path/Frameworks",
					"@loader_path/Frameworks",
				);
				PRODUCT_BUNDLE_IDENTIFIER = "Bernard-Ventura.unwindUITests";
				PRODUCT_NAME = "$(TARGET_NAME)";
				SWIFT_VERSION = 4.2;
				TARGETED_DEVICE_FAMILY = "1,2";
				TEST_TARGET_NAME = unwind;
			};
			name = Release;
		};
/* End XCBuildConfiguration section */

/* Begin XCConfigurationList section */
		01EB70282184A4E7005FC229 /* Build configuration list for PBXProject "unwind" */ = {
			isa = XCConfigurationList;
			buildConfigurations = (
				01EB70532184A4E9005FC229 /* Debug */,
				01EB70542184A4E9005FC229 /* Release */,
			);
			defaultConfigurationIsVisible = 0;
			defaultConfigurationName = Release;
		};
		01EB70552184A4E9005FC229 /* Build configuration list for PBXNativeTarget "unwind" */ = {
			isa = XCConfigurationList;
			buildConfigurations = (
				01EB70562184A4E9005FC229 /* Debug */,
				01EB70572184A4E9005FC229 /* Release */,
			);
			defaultConfigurationIsVisible = 0;
			defaultConfigurationName = Release;
		};
		01EB70582184A4E9005FC229 /* Build configuration list for PBXNativeTarget "unwindTests" */ = {
			isa = XCConfigurationList;
			buildConfigurations = (
				01EB70592184A4E9005FC229 /* Debug */,
				01EB705A2184A4E9005FC229 /* Release */,
			);
			defaultConfigurationIsVisible = 0;
			defaultConfigurationName = Release;
		};
		01EB705B2184A4E9005FC229 /* Build configuration list for PBXNativeTarget "unwindUITests" */ = {
			isa = XCConfigurationList;
			buildConfigurations = (
				01EB705C2184A4E9005FC229 /* Debug */,
				01EB705D2184A4E9005FC229 /* Release */,
			);
			defaultConfigurationIsVisible = 0;
			defaultConfigurationName = Release;
		};
/* End XCConfigurationList section */
	};
	rootObject = 01EB70252184A4E7005FC229 /* Project object */;
}
