// !$*UTF8*$!
{
	archiveVersion = 1;
	classes = {
	};
	objectVersion = 50;
	objects = {

/* Begin PBXBuildFile section */
		84878462216707B9006A6F01 /* AppDelegate.swift in Sources */ = {isa = PBXBuildFile; fileRef = 84878461216707B9006A6F01 /* AppDelegate.swift */; };
		84878464216707B9006A6F01 /* ViewController.swift in Sources */ = {isa = PBXBuildFile; fileRef = 84878463216707B9006A6F01 /* ViewController.swift */; };
		84878467216707B9006A6F01 /* Main.storyboard in Resources */ = {isa = PBXBuildFile; fileRef = 84878465216707B9006A6F01 /* Main.storyboard */; };
		84878469216707B9006A6F01 /* Assets.xcassets in Resources */ = {isa = PBXBuildFile; fileRef = 84878468216707B9006A6F01 /* Assets.xcassets */; };
		8487846C216707B9006A6F01 /* LaunchScreen.storyboard in Resources */ = {isa = PBXBuildFile; fileRef = 8487846A216707B9006A6F01 /* LaunchScreen.storyboard */; };
		84878477216707B9006A6F01 /* AlertViewControllerTests.swift in Sources */ = {isa = PBXBuildFile; fileRef = 84878476216707B9006A6F01 /* AlertViewControllerTests.swift */; };
		84878482216707B9006A6F01 /* AlertViewControllerUITests.swift in Sources */ = {isa = PBXBuildFile; fileRef = 84878481216707B9006A6F01 /* AlertViewControllerUITests.swift */; };
		8487849421670B08006A6F01 /* button.png in Resources */ = {isa = PBXBuildFile; fileRef = 8487848F21670B07006A6F01 /* button.png */; };
		8487849521670B08006A6F01 /* button_on.png in Resources */ = {isa = PBXBuildFile; fileRef = 8487849021670B08006A6F01 /* button_on.png */; };
		8487849621670B08006A6F01 /* bkg3.png in Resources */ = {isa = PBXBuildFile; fileRef = 8487849121670B08006A6F01 /* bkg3.png */; };
		8487849721670B08006A6F01 /* bkg2.png in Resources */ = {isa = PBXBuildFile; fileRef = 8487849221670B08006A6F01 /* bkg2.png */; };
		8487849821670B08006A6F01 /* bkg.png in Resources */ = {isa = PBXBuildFile; fileRef = 8487849321670B08006A6F01 /* bkg.png */; };
/* End PBXBuildFile section */

/* Begin PBXContainerItemProxy section */
		84878473216707B9006A6F01 /* PBXContainerItemProxy */ = {
			isa = PBXContainerItemProxy;
			containerPortal = 84878456216707B9006A6F01 /* Project object */;
			proxyType = 1;
			remoteGlobalIDString = 8487845D216707B9006A6F01;
			remoteInfo = AlertViewController;
		};
		8487847E216707B9006A6F01 /* PBXContainerItemProxy */ = {
			isa = PBXContainerItemProxy;
			containerPortal = 84878456216707B9006A6F01 /* Project object */;
			proxyType = 1;
			remoteGlobalIDString = 8487845D216707B9006A6F01;
			remoteInfo = AlertViewController;
		};
/* End PBXContainerItemProxy section */

/* Begin PBXFileReference section */
		8487845E216707B9006A6F01 /* AlertViewController.app */ = {isa = PBXFileReference; explicitFileType = wrapper.application; includeInIndex = 0; path = AlertViewController.app; sourceTree = BUILT_PRODUCTS_DIR; };
		84878461216707B9006A6F01 /* AppDelegate.swift */ = {isa = PBXFileReference; lastKnownFileType = sourcecode.swift; path = AppDelegate.swift; sourceTree = "<group>"; };
		84878463216707B9006A6F01 /* ViewController.swift */ = {isa = PBXFileReference; lastKnownFileType = sourcecode.swift; path = ViewController.swift; sourceTree = "<group>"; };
		84878466216707B9006A6F01 /* Base */ = {isa = PBXFileReference; lastKnownFileType = file.storyboard; name = Base; path = Base.lproj/Main.storyboard; sourceTree = "<group>"; };
		84878468216707B9006A6F01 /* Assets.xcassets */ = {isa = PBXFileReference; lastKnownFileType = folder.assetcatalog; path = Assets.xcassets; sourceTree = "<group>"; };
		8487846B216707B9006A6F01 /* Base */ = {isa = PBXFileReference; lastKnownFileType = file.storyboard; name = Base; path = Base.lproj/LaunchScreen.storyboard; sourceTree = "<group>"; };
		8487846D216707B9006A6F01 /* Info.plist */ = {isa = PBXFileReference; lastKnownFileType = text.plist.xml; path = Info.plist; sourceTree = "<group>"; };
		84878472216707B9006A6F01 /* AlertViewControllerTests.xctest */ = {isa = PBXFileReference; explicitFileType = wrapper.cfbundle; includeInIndex = 0; path = AlertViewControllerTests.xctest; sourceTree = BUILT_PRODUCTS_DIR; };
		84878476216707B9006A6F01 /* AlertViewControllerTests.swift */ = {isa = PBXFileReference; lastKnownFileType = sourcecode.swift; path = AlertViewControllerTests.swift; sourceTree = "<group>"; };
		84878478216707B9006A6F01 /* Info.plist */ = {isa = PBXFileReference; lastKnownFileType = text.plist.xml; path = Info.plist; sourceTree = "<group>"; };
		8487847D216707B9006A6F01 /* AlertViewControllerUITests.xctest */ = {isa = PBXFileReference; explicitFileType = wrapper.cfbundle; includeInIndex = 0; path = AlertViewControllerUITests.xctest; sourceTree = BUILT_PRODUCTS_DIR; };
		84878481216707B9006A6F01 /* AlertViewControllerUITests.swift */ = {isa = PBXFileReference; lastKnownFileType = sourcecode.swift; path = AlertViewControllerUITests.swift; sourceTree = "<group>"; };
		84878483216707B9006A6F01 /* Info.plist */ = {isa = PBXFileReference; lastKnownFileType = text.plist.xml; path = Info.plist; sourceTree = "<group>"; };
		8487848F21670B07006A6F01 /* button.png */ = {isa = PBXFileReference; lastKnownFileType = image.png; path = button.png; sourceTree = "<group>"; };
		8487849021670B08006A6F01 /* button_on.png */ = {isa = PBXFileReference; lastKnownFileType = image.png; path = button_on.png; sourceTree = "<group>"; };
		8487849121670B08006A6F01 /* bkg3.png */ = {isa = PBXFileReference; lastKnownFileType = image.png; path = bkg3.png; sourceTree = "<group>"; };
		8487849221670B08006A6F01 /* bkg2.png */ = {isa = PBXFileReference; lastKnownFileType = image.png; path = bkg2.png; sourceTree = "<group>"; };
		8487849321670B08006A6F01 /* bkg.png */ = {isa = PBXFileReference; lastKnownFileType = image.png; path = bkg.png; sourceTree = "<group>"; };
/* End PBXFileReference section */

/* Begin PBXFrameworksBuildPhase section */
		8487845B216707B9006A6F01 /* Frameworks */ = {
			isa = PBXFrameworksBuildPhase;
			buildActionMask = 2147483647;
			files = (
			);
			runOnlyForDeploymentPostprocessing = 0;
		};
		8487846F216707B9006A6F01 /* Frameworks */ = {
			isa = PBXFrameworksBuildPhase;
			buildActionMask = 2147483647;
			files = (
			);
			runOnlyForDeploymentPostprocessing = 0;
		};
		8487847A216707B9006A6F01 /* Frameworks */ = {
			isa = PBXFrameworksBuildPhase;
			buildActionMask = 2147483647;
			files = (
			);
			runOnlyForDeploymentPostprocessing = 0;
		};
/* End PBXFrameworksBuildPhase section */

/* Begin PBXGroup section */
		84878455216707B9006A6F01 = {
			isa = PBXGroup;
			children = (
				84878460216707B9006A6F01 /* AlertViewController */,
				84878475216707B9006A6F01 /* AlertViewControllerTests */,
				84878480216707B9006A6F01 /* AlertViewControllerUITests */,
				8487845F216707B9006A6F01 /* Products */,
			);
			sourceTree = "<group>";
		};
		8487845F216707B9006A6F01 /* Products */ = {
			isa = PBXGroup;
			children = (
				8487845E216707B9006A6F01 /* AlertViewController.app */,
				84878472216707B9006A6F01 /* AlertViewControllerTests.xctest */,
				8487847D216707B9006A6F01 /* AlertViewControllerUITests.xctest */,
			);
			name = Products;
			sourceTree = "<group>";
		};
		84878460216707B9006A6F01 /* AlertViewController */ = {
			isa = PBXGroup;
			children = (
				84878461216707B9006A6F01 /* AppDelegate.swift */,
				84878463216707B9006A6F01 /* ViewController.swift */,
				84878465216707B9006A6F01 /* Main.storyboard */,
				84878468216707B9006A6F01 /* Assets.xcassets */,
				8487849921670B16006A6F01 /* Images */,
				8487846A216707B9006A6F01 /* LaunchScreen.storyboard */,
				8487846D216707B9006A6F01 /* Info.plist */,
			);
			path = AlertViewController;
			sourceTree = "<group>";
		};
		84878475216707B9006A6F01 /* AlertViewControllerTests */ = {
			isa = PBXGroup;
			children = (
				84878476216707B9006A6F01 /* AlertViewControllerTests.swift */,
				84878478216707B9006A6F01 /* Info.plist */,
			);
			path = AlertViewControllerTests;
			sourceTree = "<group>";
		};
		84878480216707B9006A6F01 /* AlertViewControllerUITests */ = {
			isa = PBXGroup;
			children = (
				84878481216707B9006A6F01 /* AlertViewControllerUITests.swift */,
				84878483216707B9006A6F01 /* Info.plist */,
			);
			path = AlertViewControllerUITests;
			sourceTree = "<group>";
		};
		8487849921670B16006A6F01 /* Images */ = {
			isa = PBXGroup;
			children = (
				8487849321670B08006A6F01 /* bkg.png */,
				8487849221670B08006A6F01 /* bkg2.png */,
				8487849121670B08006A6F01 /* bkg3.png */,
				8487849021670B08006A6F01 /* button_on.png */,
				8487848F21670B07006A6F01 /* button.png */,
			);
			path = Images;
			sourceTree = "<group>";
		};
/* End PBXGroup section */

/* Begin PBXNativeTarget section */
		8487845D216707B9006A6F01 /* AlertViewController */ = {
			isa = PBXNativeTarget;
			buildConfigurationList = 84878486216707B9006A6F01 /* Build configuration list for PBXNativeTarget "AlertViewController" */;
			buildPhases = (
				8487845A216707B9006A6F01 /* Sources */,
				8487845B216707B9006A6F01 /* Frameworks */,
				8487845C216707B9006A6F01 /* Resources */,
			);
			buildRules = (
			);
			dependencies = (
			);
			name = AlertViewController;
			productName = AlertViewController;
			productReference = 8487845E216707B9006A6F01 /* AlertViewController.app */;
			productType = "com.apple.product-type.application";
		};
		84878471216707B9006A6F01 /* AlertViewControllerTests */ = {
			isa = PBXNativeTarget;
			buildConfigurationList = 84878489216707B9006A6F01 /* Build configuration list for PBXNativeTarget "AlertViewControllerTests" */;
			buildPhases = (
				8487846E216707B9006A6F01 /* Sources */,
				8487846F216707B9006A6F01 /* Frameworks */,
				84878470216707B9006A6F01 /* Resources */,
			);
			buildRules = (
			);
			dependencies = (
				84878474216707B9006A6F01 /* PBXTargetDependency */,
			);
			name = AlertViewControllerTests;
			productName = AlertViewControllerTests;
			productReference = 84878472216707B9006A6F01 /* AlertViewControllerTests.xctest */;
			productType = "com.apple.product-type.bundle.unit-test";
		};
		8487847C216707B9006A6F01 /* AlertViewControllerUITests */ = {
			isa = PBXNativeTarget;
			buildConfigurationList = 8487848C216707B9006A6F01 /* Build configuration list for PBXNativeTarget "AlertViewControllerUITests" */;
			buildPhases = (
				84878479216707B9006A6F01 /* Sources */,
				8487847A216707B9006A6F01 /* Frameworks */,
				8487847B216707B9006A6F01 /* Resources */,
			);
			buildRules = (
			);
			dependencies = (
				8487847F216707B9006A6F01 /* PBXTargetDependency */,
			);
			name = AlertViewControllerUITests;
			productName = AlertViewControllerUITests;
			productReference = 8487847D216707B9006A6F01 /* AlertViewControllerUITests.xctest */;
			productType = "com.apple.product-type.bundle.ui-testing";
		};
/* End PBXNativeTarget section */

/* Begin PBXProject section */
		84878456216707B9006A6F01 /* Project object */ = {
			isa = PBXProject;
			attributes = {
				LastSwiftUpdateCheck = 1000;
				LastUpgradeCheck = 1000;
				ORGANIZATIONNAME = "Bess Ho";
				TargetAttributes = {
					8487845D216707B9006A6F01 = {
						CreatedOnToolsVersion = 10.0;
					};
					84878471216707B9006A6F01 = {
						CreatedOnToolsVersion = 10.0;
						TestTargetID = 8487845D216707B9006A6F01;
					};
					8487847C216707B9006A6F01 = {
						CreatedOnToolsVersion = 10.0;
						TestTargetID = 8487845D216707B9006A6F01;
					};
				};
			};
			buildConfigurationList = 84878459216707B9006A6F01 /* Build configuration list for PBXProject "AlertViewController" */;
			compatibilityVersion = "Xcode 9.3";
			developmentRegion = en;
			hasScannedForEncodings = 0;
			knownRegions = (
				en,
				Base,
			);
			mainGroup = 84878455216707B9006A6F01;
			productRefGroup = 8487845F216707B9006A6F01 /* Products */;
			projectDirPath = "";
			projectRoot = "";
			targets = (
				8487845D216707B9006A6F01 /* AlertViewController */,
				84878471216707B9006A6F01 /* AlertViewControllerTests */,
				8487847C216707B9006A6F01 /* AlertViewControllerUITests */,
			);
		};
/* End PBXProject section */

/* Begin PBXResourcesBuildPhase section */
		8487845C216707B9006A6F01 /* Resources */ = {
			isa = PBXResourcesBuildPhase;
			buildActionMask = 2147483647;
			files = (
				8487846C216707B9006A6F01 /* LaunchScreen.storyboard in Resources */,
				8487849421670B08006A6F01 /* button.png in Resources */,
				8487849721670B08006A6F01 /* bkg2.png in Resources */,
				8487849621670B08006A6F01 /* bkg3.png in Resources */,
				8487849521670B08006A6F01 /* button_on.png in Resources */,
				84878469216707B9006A6F01 /* Assets.xcassets in Resources */,
				8487849821670B08006A6F01 /* bkg.png in Resources */,
				84878467216707B9006A6F01 /* Main.storyboard in Resources */,
			);
			runOnlyForDeploymentPostprocessing = 0;
		};
		84878470216707B9006A6F01 /* Resources */ = {
			isa = PBXResourcesBuildPhase;
			buildActionMask = 2147483647;
			files = (
			);
			runOnlyForDeploymentPostprocessing = 0;
		};
		8487847B216707B9006A6F01 /* Resources */ = {
			isa = PBXResourcesBuildPhase;
			buildActionMask = 2147483647;
			files = (
			);
			runOnlyForDeploymentPostprocessing = 0;
		};
/* End PBXResourcesBuildPhase section */

/* Begin PBXSourcesBuildPhase section */
		8487845A216707B9006A6F01 /* Sources */ = {
			isa = PBXSourcesBuildPhase;
			buildActionMask = 2147483647;
			files = (
				84878464216707B9006A6F01 /* ViewController.swift in Sources */,
				84878462216707B9006A6F01 /* AppDelegate.swift in Sources */,
			);
			runOnlyForDeploymentPostprocessing = 0;
		};
		8487846E216707B9006A6F01 /* Sources */ = {
			isa = PBXSourcesBuildPhase;
			buildActionMask = 2147483647;
			files = (
				84878477216707B9006A6F01 /* AlertViewControllerTests.swift in Sources */,
			);
			runOnlyForDeploymentPostprocessing = 0;
		};
		84878479216707B9006A6F01 /* Sources */ = {
			isa = PBXSourcesBuildPhase;
			buildActionMask = 2147483647;
			files = (
				84878482216707B9006A6F01 /* AlertViewControllerUITests.swift in Sources */,
			);
			runOnlyForDeploymentPostprocessing = 0;
		};
/* End PBXSourcesBuildPhase section */

/* Begin PBXTargetDependency section */
		84878474216707B9006A6F01 /* PBXTargetDependency */ = {
			isa = PBXTargetDependency;
			target = 8487845D216707B9006A6F01 /* AlertViewController */;
			targetProxy = 84878473216707B9006A6F01 /* PBXContainerItemProxy */;
		};
		8487847F216707B9006A6F01 /* PBXTargetDependency */ = {
			isa = PBXTargetDependency;
			target = 8487845D216707B9006A6F01 /* AlertViewController */;
			targetProxy = 8487847E216707B9006A6F01 /* PBXContainerItemProxy */;
		};
/* End PBXTargetDependency section */

/* Begin PBXVariantGroup section */
		84878465216707B9006A6F01 /* Main.storyboard */ = {
			isa = PBXVariantGroup;
			children = (
				84878466216707B9006A6F01 /* Base */,
			);
			name = Main.storyboard;
			sourceTree = "<group>";
		};
		8487846A216707B9006A6F01 /* LaunchScreen.storyboard */ = {
			isa = PBXVariantGroup;
			children = (
				8487846B216707B9006A6F01 /* Base */,
			);
			name = LaunchScreen.storyboard;
			sourceTree = "<group>";
		};
/* End PBXVariantGroup section */

/* Begin XCBuildConfiguration section */
		84878484216707B9006A6F01 /* Debug */ = {
			isa = XCBuildConfiguration;
			buildSettings = {
				ALWAYS_SEARCH_USER_PATHS = NO;
				CLANG_ANALYZER_NONNULL = YES;
				CLANG_ANALYZER_NUMBER_OBJECT_CONVERSION = YES_AGGRESSIVE;
				CLANG_CXX_LANGUAGE_STANDARD = "gnu++14";
				CLANG_CXX_LIBRARY = "libc++";
				CLANG_ENABLE_MODULES = YES;
				CLANG_ENABLE_OBJC_ARC = YES;
				CLANG_ENABLE_OBJC_WEAK = YES;
				CLANG_WARN_BLOCK_CAPTURE_AUTORELEASING = YES;
				CLANG_WARN_BOOL_CONVERSION = YES;
				CLANG_WARN_COMMA = YES;
				CLANG_WARN_CONSTANT_CONVERSION = YES;
				CLANG_WARN_DEPRECATED_OBJC_IMPLEMENTATIONS = YES;
				CLANG_WARN_DIRECT_OBJC_ISA_USAGE = YES_ERROR;
				CLANG_WARN_DOCUMENTATION_COMMENTS = YES;
				CLANG_WARN_EMPTY_BODY = YES;
				CLANG_WARN_ENUM_CONVERSION = YES;
				CLANG_WARN_INFINITE_RECURSION = YES;
				CLANG_WARN_INT_CONVERSION = YES;
				CLANG_WARN_NON_LITERAL_NULL_CONVERSION = YES;
				CLANG_WARN_OBJC_IMPLICIT_RETAIN_SELF = YES;
				CLANG_WARN_OBJC_LITERAL_CONVERSION = YES;
				CLANG_WARN_OBJC_ROOT_CLASS = YES_ERROR;
				CLANG_WARN_RANGE_LOOP_ANALYSIS = YES;
				CLANG_WARN_STRICT_PROTOTYPES = YES;
				CLANG_WARN_SUSPICIOUS_MOVE = YES;
				CLANG_WARN_UNGUARDED_AVAILABILITY = YES_AGGRESSIVE;
				CLANG_WARN_UNREACHABLE_CODE = YES;
				CLANG_WARN__DUPLICATE_METHOD_MATCH = YES;
				CODE_SIGN_IDENTITY = "iPhone Developer";
				COPY_PHASE_STRIP = NO;
				DEBUG_INFORMATION_FORMAT = dwarf;
				ENABLE_STRICT_OBJC_MSGSEND = YES;
				ENABLE_TESTABILITY = YES;
				GCC_C_LANGUAGE_STANDARD = gnu11;
				GCC_DYNAMIC_NO_PIC = NO;
				GCC_NO_COMMON_BLOCKS = YES;
				GCC_OPTIMIZATION_LEVEL = 0;
				GCC_PREPROCESSOR_DEFINITIONS = (
					"DEBUG=1",
					"$(inherited)",
				);
				GCC_WARN_64_TO_32_BIT_CONVERSION = YES;
				GCC_WARN_ABOUT_RETURN_TYPE = YES_ERROR;
				GCC_WARN_UNDECLARED_SELECTOR = YES;
				GCC_WARN_UNINITIALIZED_AUTOS = YES_AGGRESSIVE;
				GCC_WARN_UNUSED_FUNCTION = YES;
				GCC_WARN_UNUSED_VARIABLE = YES;
				IPHONEOS_DEPLOYMENT_TARGET = 12.0;
				MTL_ENABLE_DEBUG_INFO = INCLUDE_SOURCE;
				MTL_FAST_MATH = YES;
				ONLY_ACTIVE_ARCH = YES;
				SDKROOT = iphoneos;
				SWIFT_ACTIVE_COMPILATION_CONDITIONS = DEBUG;
				SWIFT_OPTIMIZATION_LEVEL = "-Onone";
			};
			name = Debug;
		};
		84878485216707B9006A6F01 /* Release */ = {
			isa = XCBuildConfiguration;
			buildSettings = {
				ALWAYS_SEARCH_USER_PATHS = NO;
				CLANG_ANALYZER_NONNULL = YES;
				CLANG_ANALYZER_NUMBER_OBJECT_CONVERSION = YES_AGGRESSIVE;
				CLANG_CXX_LANGUAGE_STANDARD = "gnu++14";
				CLANG_CXX_LIBRARY = "libc++";
				CLANG_ENABLE_MODULES = YES;
				CLANG_ENABLE_OBJC_ARC = YES;
				CLANG_ENABLE_OBJC_WEAK = YES;
				CLANG_WARN_BLOCK_CAPTURE_AUTORELEASING = YES;
				CLANG_WARN_BOOL_CONVERSION = YES;
				CLANG_WARN_COMMA = YES;
				CLANG_WARN_CONSTANT_CONVERSION = YES;
				CLANG_WARN_DEPRECATED_OBJC_IMPLEMENTATIONS = YES;
				CLANG_WARN_DIRECT_OBJC_ISA_USAGE = YES_ERROR;
				CLANG_WARN_DOCUMENTATION_COMMENTS = YES;
				CLANG_WARN_EMPTY_BODY = YES;
				CLANG_WARN_ENUM_CONVERSION = YES;
				CLANG_WARN_INFINITE_RECURSION = YES;
				CLANG_WARN_INT_CONVERSION = YES;
				CLANG_WARN_NON_LITERAL_NULL_CONVERSION = YES;
				CLANG_WARN_OBJC_IMPLICIT_RETAIN_SELF = YES;
				CLANG_WARN_OBJC_LITERAL_CONVERSION = YES;
				CLANG_WARN_OBJC_ROOT_CLASS = YES_ERROR;
				CLANG_WARN_RANGE_LOOP_ANALYSIS = YES;
				CLANG_WARN_STRICT_PROTOTYPES = YES;
				CLANG_WARN_SUSPICIOUS_MOVE = YES;
				CLANG_WARN_UNGUARDED_AVAILABILITY = YES_AGGRESSIVE;
				CLANG_WARN_UNREACHABLE_CODE = YES;
				CLANG_WARN__DUPLICATE_METHOD_MATCH = YES;
				CODE_SIGN_IDENTITY = "iPhone Developer";
				COPY_PHASE_STRIP = NO;
				DEBUG_INFORMATION_FORMAT = "dwarf-with-dsym";
				ENABLE_NS_ASSERTIONS = NO;
				ENABLE_STRICT_OBJC_MSGSEND = YES;
				GCC_C_LANGUAGE_STANDARD = gnu11;
				GCC_NO_COMMON_BLOCKS = YES;
				GCC_WARN_64_TO_32_BIT_CONVERSION = YES;
				GCC_WARN_ABOUT_RETURN_TYPE = YES_ERROR;
				GCC_WARN_UNDECLARED_SELECTOR = YES;
				GCC_WARN_UNINITIALIZED_AUTOS = YES_AGGRESSIVE;
				GCC_WARN_UNUSED_FUNCTION = YES;
				GCC_WARN_UNUSED_VARIABLE = YES;
				IPHONEOS_DEPLOYMENT_TARGET = 12.0;
				MTL_ENABLE_DEBUG_INFO = NO;
				MTL_FAST_MATH = YES;
				SDKROOT = iphoneos;
				SWIFT_COMPILATION_MODE = wholemodule;
				SWIFT_OPTIMIZATION_LEVEL = "-O";
				VALIDATE_PRODUCT = YES;
			};
			name = Release;
		};
		84878487216707B9006A6F01 /* Debug */ = {
			isa = XCBuildConfiguration;
			buildSettings = {
				ASSETCATALOG_COMPILER_APPICON_NAME = AppIcon;
				CODE_SIGN_STYLE = Automatic;
				INFOPLIST_FILE = AlertViewController/Info.plist;
				LD_RUNPATH_SEARCH_PATHS = (
					"$(inherited)",
					"@executable_path/Frameworks",
				);
				PRODUCT_BUNDLE_IDENTIFIER = com.bessho.AlertViewController;
				PRODUCT_NAME = "$(TARGET_NAME)";
				SWIFT_VERSION = 4.2;
				TARGETED_DEVICE_FAMILY = "1,2";
			};
			name = Debug;
		};
		84878488216707B9006A6F01 /* Release */ = {
			isa = XCBuildConfiguration;
			buildSettings = {
				ASSETCATALOG_COMPILER_APPICON_NAME = AppIcon;
				CODE_SIGN_STYLE = Automatic;
				INFOPLIST_FILE = AlertViewController/Info.plist;
				LD_RUNPATH_SEARCH_PATHS = (
					"$(inherited)",
					"@executable_path/Frameworks",
				);
				PRODUCT_BUNDLE_IDENTIFIER = com.bessho.AlertViewController;
				PRODUCT_NAME = "$(TARGET_NAME)";
				SWIFT_VERSION = 4.2;
				TARGETED_DEVICE_FAMILY = "1,2";
			};
			name = Release;
		};
		8487848A216707B9006A6F01 /* Debug */ = {
			isa = XCBuildConfiguration;
			buildSettings = {
				ALWAYS_EMBED_SWIFT_STANDARD_LIBRARIES = YES;
				BUNDLE_LOADER = "$(TEST_HOST)";
				CODE_SIGN_STYLE = Automatic;
				INFOPLIST_FILE = AlertViewControllerTests/Info.plist;
				LD_RUNPATH_SEARCH_PATHS = (
					"$(inherited)",
					"@executable_path/Frameworks",
					"@loader_path/Frameworks",
				);
				PRODUCT_BUNDLE_IDENTIFIER = com.bessho.AlertViewControllerTests;
				PRODUCT_NAME = "$(TARGET_NAME)";
				SWIFT_VERSION = 4.2;
				TARGETED_DEVICE_FAMILY = "1,2";
				TEST_HOST = "$(BUILT_PRODUCTS_DIR)/AlertViewController.app/AlertViewController";
			};
			name = Debug;
		};
		8487848B216707B9006A6F01 /* Release */ = {
			isa = XCBuildConfiguration;
			buildSettings = {
				ALWAYS_EMBED_SWIFT_STANDARD_LIBRARIES = YES;
				BUNDLE_LOADER = "$(TEST_HOST)";
				CODE_SIGN_STYLE = Automatic;
				INFOPLIST_FILE = AlertViewControllerTests/Info.plist;
				LD_RUNPATH_SEARCH_PATHS = (
					"$(inherited)",
					"@executable_path/Frameworks",
					"@loader_path/Frameworks",
				);
				PRODUCT_BUNDLE_IDENTIFIER = com.bessho.AlertViewControllerTests;
				PRODUCT_NAME = "$(TARGET_NAME)";
				SWIFT_VERSION = 4.2;
				TARGETED_DEVICE_FAMILY = "1,2";
				TEST_HOST = "$(BUILT_PRODUCTS_DIR)/AlertViewController.app/AlertViewController";
			};
			name = Release;
		};
		8487848D216707B9006A6F01 /* Debug */ = {
			isa = XCBuildConfiguration;
			buildSettings = {
				ALWAYS_EMBED_SWIFT_STANDARD_LIBRARIES = YES;
				CODE_SIGN_STYLE = Automatic;
				INFOPLIST_FILE = AlertViewControllerUITests/Info.plist;
				LD_RUNPATH_SEARCH_PATHS = (
					"$(inherited)",
					"@executable_path/Frameworks",
					"@loader_path/Frameworks",
				);
				PRODUCT_BUNDLE_IDENTIFIER = com.bessho.AlertViewControllerUITests;
				PRODUCT_NAME = "$(TARGET_NAME)";
				SWIFT_VERSION = 4.2;
				TARGETED_DEVICE_FAMILY = "1,2";
				TEST_TARGET_NAME = AlertViewController;
			};
			name = Debug;
		};
		8487848E216707B9006A6F01 /* Release */ = {
			isa = XCBuildConfiguration;
			buildSettings = {
				ALWAYS_EMBED_SWIFT_STANDARD_LIBRARIES = YES;
				CODE_SIGN_STYLE = Automatic;
				INFOPLIST_FILE = AlertViewControllerUITests/Info.plist;
				LD_RUNPATH_SEARCH_PATHS = (
					"$(inherited)",
					"@executable_path/Frameworks",
					"@loader_path/Frameworks",
				);
				PRODUCT_BUNDLE_IDENTIFIER = com.bessho.AlertViewControllerUITests;
				PRODUCT_NAME = "$(TARGET_NAME)";
				SWIFT_VERSION = 4.2;
				TARGETED_DEVICE_FAMILY = "1,2";
				TEST_TARGET_NAME = AlertViewController;
			};
			name = Release;
		};
/* End XCBuildConfiguration section */

/* Begin XCConfigurationList section */
		84878459216707B9006A6F01 /* Build configuration list for PBXProject "AlertViewController" */ = {
			isa = XCConfigurationList;
			buildConfigurations = (
				84878484216707B9006A6F01 /* Debug */,
				84878485216707B9006A6F01 /* Release */,
			);
			defaultConfigurationIsVisible = 0;
			defaultConfigurationName = Release;
		};
		84878486216707B9006A6F01 /* Build configuration list for PBXNativeTarget "AlertViewController" */ = {
			isa = XCConfigurationList;
			buildConfigurations = (
				84878487216707B9006A6F01 /* Debug */,
				84878488216707B9006A6F01 /* Release */,
			);
			defaultConfigurationIsVisible = 0;
			defaultConfigurationName = Release;
		};
		84878489216707B9006A6F01 /* Build configuration list for PBXNativeTarget "AlertViewControllerTests" */ = {
			isa = XCConfigurationList;
			buildConfigurations = (
				8487848A216707B9006A6F01 /* Debug */,
				8487848B216707B9006A6F01 /* Release */,
			);
			defaultConfigurationIsVisible = 0;
			defaultConfigurationName = Release;
		};
		8487848C216707B9006A6F01 /* Build configuration list for PBXNativeTarget "AlertViewControllerUITests" */ = {
			isa = XCConfigurationList;
			buildConfigurations = (
				8487848D216707B9006A6F01 /* Debug */,
				8487848E216707B9006A6F01 /* Release */,
			);
			defaultConfigurationIsVisible = 0;
			defaultConfigurationName = Release;
		};
/* End XCConfigurationList section */
	};
	rootObject = 84878456216707B9006A6F01 /* Project object */;
}
