// !$*UTF8*$!
{
	archiveVersion = 1;
	classes = {
	};
	objectVersion = 50;
	objects = {

/* Begin PBXBuildFile section */
		84878426216705B1006A6F01 /* AppDelegate.swift in Sources */ = {isa = PBXBuildFile; fileRef = 84878425216705B1006A6F01 /* AppDelegate.swift */; };
		84878428216705B1006A6F01 /* ViewController.swift in Sources */ = {isa = PBXBuildFile; fileRef = 84878427216705B1006A6F01 /* ViewController.swift */; };
		8487842B216705B1006A6F01 /* Main.storyboard in Resources */ = {isa = PBXBuildFile; fileRef = 84878429216705B1006A6F01 /* Main.storyboard */; };
		8487842D216705B1006A6F01 /* Assets.xcassets in Resources */ = {isa = PBXBuildFile; fileRef = 8487842C216705B1006A6F01 /* Assets.xcassets */; };
		84878430216705B1006A6F01 /* LaunchScreen.storyboard in Resources */ = {isa = PBXBuildFile; fileRef = 8487842E216705B1006A6F01 /* LaunchScreen.storyboard */; };
		8487843B216705B1006A6F01 /* OrganizeMeTests.swift in Sources */ = {isa = PBXBuildFile; fileRef = 8487843A216705B1006A6F01 /* OrganizeMeTests.swift */; };
		84878446216705B1006A6F01 /* OrganizeMeUITests.swift in Sources */ = {isa = PBXBuildFile; fileRef = 84878445216705B1006A6F01 /* OrganizeMeUITests.swift */; };
/* End PBXBuildFile section */

/* Begin PBXContainerItemProxy section */
		84878437216705B1006A6F01 /* PBXContainerItemProxy */ = {
			isa = PBXContainerItemProxy;
			containerPortal = 8487841A216705B1006A6F01 /* Project object */;
			proxyType = 1;
			remoteGlobalIDString = 84878421216705B1006A6F01;
			remoteInfo = OrganizeMe;
		};
		84878442216705B1006A6F01 /* PBXContainerItemProxy */ = {
			isa = PBXContainerItemProxy;
			containerPortal = 8487841A216705B1006A6F01 /* Project object */;
			proxyType = 1;
			remoteGlobalIDString = 84878421216705B1006A6F01;
			remoteInfo = OrganizeMe;
		};
/* End PBXContainerItemProxy section */

/* Begin PBXFileReference section */
		84878422216705B1006A6F01 /* OrganizeMe.app */ = {isa = PBXFileReference; explicitFileType = wrapper.application; includeInIndex = 0; path = OrganizeMe.app; sourceTree = BUILT_PRODUCTS_DIR; };
		84878425216705B1006A6F01 /* AppDelegate.swift */ = {isa = PBXFileReference; lastKnownFileType = sourcecode.swift; path = AppDelegate.swift; sourceTree = "<group>"; };
		84878427216705B1006A6F01 /* ViewController.swift */ = {isa = PBXFileReference; lastKnownFileType = sourcecode.swift; path = ViewController.swift; sourceTree = "<group>"; };
		8487842A216705B1006A6F01 /* Base */ = {isa = PBXFileReference; lastKnownFileType = file.storyboard; name = Base; path = Base.lproj/Main.storyboard; sourceTree = "<group>"; };
		8487842C216705B1006A6F01 /* Assets.xcassets */ = {isa = PBXFileReference; lastKnownFileType = folder.assetcatalog; path = Assets.xcassets; sourceTree = "<group>"; };
		8487842F216705B1006A6F01 /* Base */ = {isa = PBXFileReference; lastKnownFileType = file.storyboard; name = Base; path = Base.lproj/LaunchScreen.storyboard; sourceTree = "<group>"; };
		84878431216705B1006A6F01 /* Info.plist */ = {isa = PBXFileReference; lastKnownFileType = text.plist.xml; path = Info.plist; sourceTree = "<group>"; };
		84878436216705B1006A6F01 /* OrganizeMeTests.xctest */ = {isa = PBXFileReference; explicitFileType = wrapper.cfbundle; includeInIndex = 0; path = OrganizeMeTests.xctest; sourceTree = BUILT_PRODUCTS_DIR; };
		8487843A216705B1006A6F01 /* OrganizeMeTests.swift */ = {isa = PBXFileReference; lastKnownFileType = sourcecode.swift; path = OrganizeMeTests.swift; sourceTree = "<group>"; };
		8487843C216705B1006A6F01 /* Info.plist */ = {isa = PBXFileReference; lastKnownFileType = text.plist.xml; path = Info.plist; sourceTree = "<group>"; };
		84878441216705B1006A6F01 /* OrganizeMeUITests.xctest */ = {isa = PBXFileReference; explicitFileType = wrapper.cfbundle; includeInIndex = 0; path = OrganizeMeUITests.xctest; sourceTree = BUILT_PRODUCTS_DIR; };
		84878445216705B1006A6F01 /* OrganizeMeUITests.swift */ = {isa = PBXFileReference; lastKnownFileType = sourcecode.swift; path = OrganizeMeUITests.swift; sourceTree = "<group>"; };
		84878447216705B1006A6F01 /* Info.plist */ = {isa = PBXFileReference; lastKnownFileType = text.plist.xml; path = Info.plist; sourceTree = "<group>"; };
/* End PBXFileReference section */

/* Begin PBXFrameworksBuildPhase section */
		8487841F216705B1006A6F01 /* Frameworks */ = {
			isa = PBXFrameworksBuildPhase;
			buildActionMask = 2147483647;
			files = (
			);
			runOnlyForDeploymentPostprocessing = 0;
		};
		84878433216705B1006A6F01 /* Frameworks */ = {
			isa = PBXFrameworksBuildPhase;
			buildActionMask = 2147483647;
			files = (
			);
			runOnlyForDeploymentPostprocessing = 0;
		};
		8487843E216705B1006A6F01 /* Frameworks */ = {
			isa = PBXFrameworksBuildPhase;
			buildActionMask = 2147483647;
			files = (
			);
			runOnlyForDeploymentPostprocessing = 0;
		};
/* End PBXFrameworksBuildPhase section */

/* Begin PBXGroup section */
		84878419216705B1006A6F01 = {
			isa = PBXGroup;
			children = (
				84878424216705B1006A6F01 /* OrganizeMe */,
				84878439216705B1006A6F01 /* OrganizeMeTests */,
				84878444216705B1006A6F01 /* OrganizeMeUITests */,
				84878423216705B1006A6F01 /* Products */,
			);
			sourceTree = "<group>";
		};
		84878423216705B1006A6F01 /* Products */ = {
			isa = PBXGroup;
			children = (
				84878422216705B1006A6F01 /* OrganizeMe.app */,
				84878436216705B1006A6F01 /* OrganizeMeTests.xctest */,
				84878441216705B1006A6F01 /* OrganizeMeUITests.xctest */,
			);
			name = Products;
			sourceTree = "<group>";
		};
		84878424216705B1006A6F01 /* OrganizeMe */ = {
			isa = PBXGroup;
			children = (
				84878425216705B1006A6F01 /* AppDelegate.swift */,
				84878427216705B1006A6F01 /* ViewController.swift */,
				84878429216705B1006A6F01 /* Main.storyboard */,
				8487842C216705B1006A6F01 /* Assets.xcassets */,
				8487842E216705B1006A6F01 /* LaunchScreen.storyboard */,
				84878431216705B1006A6F01 /* Info.plist */,
			);
			path = OrganizeMe;
			sourceTree = "<group>";
		};
		84878439216705B1006A6F01 /* OrganizeMeTests */ = {
			isa = PBXGroup;
			children = (
				8487843A216705B1006A6F01 /* OrganizeMeTests.swift */,
				8487843C216705B1006A6F01 /* Info.plist */,
			);
			path = OrganizeMeTests;
			sourceTree = "<group>";
		};
		84878444216705B1006A6F01 /* OrganizeMeUITests */ = {
			isa = PBXGroup;
			children = (
				84878445216705B1006A6F01 /* OrganizeMeUITests.swift */,
				84878447216705B1006A6F01 /* Info.plist */,
			);
			path = OrganizeMeUITests;
			sourceTree = "<group>";
		};
/* End PBXGroup section */

/* Begin PBXNativeTarget section */
		84878421216705B1006A6F01 /* OrganizeMe */ = {
			isa = PBXNativeTarget;
			buildConfigurationList = 8487844A216705B1006A6F01 /* Build configuration list for PBXNativeTarget "OrganizeMe" */;
			buildPhases = (
				8487841E216705B1006A6F01 /* Sources */,
				8487841F216705B1006A6F01 /* Frameworks */,
				84878420216705B1006A6F01 /* Resources */,
			);
			buildRules = (
			);
			dependencies = (
			);
			name = OrganizeMe;
			productName = OrganizeMe;
			productReference = 84878422216705B1006A6F01 /* OrganizeMe.app */;
			productType = "com.apple.product-type.application";
		};
		84878435216705B1006A6F01 /* OrganizeMeTests */ = {
			isa = PBXNativeTarget;
			buildConfigurationList = 8487844D216705B1006A6F01 /* Build configuration list for PBXNativeTarget "OrganizeMeTests" */;
			buildPhases = (
				84878432216705B1006A6F01 /* Sources */,
				84878433216705B1006A6F01 /* Frameworks */,
				84878434216705B1006A6F01 /* Resources */,
			);
			buildRules = (
			);
			dependencies = (
				84878438216705B1006A6F01 /* PBXTargetDependency */,
			);
			name = OrganizeMeTests;
			productName = OrganizeMeTests;
			productReference = 84878436216705B1006A6F01 /* OrganizeMeTests.xctest */;
			productType = "com.apple.product-type.bundle.unit-test";
		};
		84878440216705B1006A6F01 /* OrganizeMeUITests */ = {
			isa = PBXNativeTarget;
			buildConfigurationList = 84878450216705B1006A6F01 /* Build configuration list for PBXNativeTarget "OrganizeMeUITests" */;
			buildPhases = (
				8487843D216705B1006A6F01 /* Sources */,
				8487843E216705B1006A6F01 /* Frameworks */,
				8487843F216705B1006A6F01 /* Resources */,
			);
			buildRules = (
			);
			dependencies = (
				84878443216705B1006A6F01 /* PBXTargetDependency */,
			);
			name = OrganizeMeUITests;
			productName = OrganizeMeUITests;
			productReference = 84878441216705B1006A6F01 /* OrganizeMeUITests.xctest */;
			productType = "com.apple.product-type.bundle.ui-testing";
		};
/* End PBXNativeTarget section */

/* Begin PBXProject section */
		8487841A216705B1006A6F01 /* Project object */ = {
			isa = PBXProject;
			attributes = {
				LastSwiftUpdateCheck = 1000;
				LastUpgradeCheck = 1000;
				ORGANIZATIONNAME = "Bess Ho";
				TargetAttributes = {
					84878421216705B1006A6F01 = {
						CreatedOnToolsVersion = 10.0;
					};
					84878435216705B1006A6F01 = {
						CreatedOnToolsVersion = 10.0;
						TestTargetID = 84878421216705B1006A6F01;
					};
					84878440216705B1006A6F01 = {
						CreatedOnToolsVersion = 10.0;
						TestTargetID = 84878421216705B1006A6F01;
					};
				};
			};
			buildConfigurationList = 8487841D216705B1006A6F01 /* Build configuration list for PBXProject "OrganizeMe" */;
			compatibilityVersion = "Xcode 9.3";
			developmentRegion = en;
			hasScannedForEncodings = 0;
			knownRegions = (
				en,
				Base,
			);
			mainGroup = 84878419216705B1006A6F01;
			productRefGroup = 84878423216705B1006A6F01 /* Products */;
			projectDirPath = "";
			projectRoot = "";
			targets = (
				84878421216705B1006A6F01 /* OrganizeMe */,
				84878435216705B1006A6F01 /* OrganizeMeTests */,
				84878440216705B1006A6F01 /* OrganizeMeUITests */,
			);
		};
/* End PBXProject section */

/* Begin PBXResourcesBuildPhase section */
		84878420216705B1006A6F01 /* Resources */ = {
			isa = PBXResourcesBuildPhase;
			buildActionMask = 2147483647;
			files = (
				84878430216705B1006A6F01 /* LaunchScreen.storyboard in Resources */,
				8487842D216705B1006A6F01 /* Assets.xcassets in Resources */,
				8487842B216705B1006A6F01 /* Main.storyboard in Resources */,
			);
			runOnlyForDeploymentPostprocessing = 0;
		};
		84878434216705B1006A6F01 /* Resources */ = {
			isa = PBXResourcesBuildPhase;
			buildActionMask = 2147483647;
			files = (
			);
			runOnlyForDeploymentPostprocessing = 0;
		};
		8487843F216705B1006A6F01 /* Resources */ = {
			isa = PBXResourcesBuildPhase;
			buildActionMask = 2147483647;
			files = (
			);
			runOnlyForDeploymentPostprocessing = 0;
		};
/* End PBXResourcesBuildPhase section */

/* Begin PBXSourcesBuildPhase section */
		8487841E216705B1006A6F01 /* Sources */ = {
			isa = PBXSourcesBuildPhase;
			buildActionMask = 2147483647;
			files = (
				84878428216705B1006A6F01 /* ViewController.swift in Sources */,
				84878426216705B1006A6F01 /* AppDelegate.swift in Sources */,
			);
			runOnlyForDeploymentPostprocessing = 0;
		};
		84878432216705B1006A6F01 /* Sources */ = {
			isa = PBXSourcesBuildPhase;
			buildActionMask = 2147483647;
			files = (
				8487843B216705B1006A6F01 /* OrganizeMeTests.swift in Sources */,
			);
			runOnlyForDeploymentPostprocessing = 0;
		};
		8487843D216705B1006A6F01 /* Sources */ = {
			isa = PBXSourcesBuildPhase;
			buildActionMask = 2147483647;
			files = (
				84878446216705B1006A6F01 /* OrganizeMeUITests.swift in Sources */,
			);
			runOnlyForDeploymentPostprocessing = 0;
		};
/* End PBXSourcesBuildPhase section */

/* Begin PBXTargetDependency section */
		84878438216705B1006A6F01 /* PBXTargetDependency */ = {
			isa = PBXTargetDependency;
			target = 84878421216705B1006A6F01 /* OrganizeMe */;
			targetProxy = 84878437216705B1006A6F01 /* PBXContainerItemProxy */;
		};
		84878443216705B1006A6F01 /* PBXTargetDependency */ = {
			isa = PBXTargetDependency;
			target = 84878421216705B1006A6F01 /* OrganizeMe */;
			targetProxy = 84878442216705B1006A6F01 /* PBXContainerItemProxy */;
		};
/* End PBXTargetDependency section */

/* Begin PBXVariantGroup section */
		84878429216705B1006A6F01 /* Main.storyboard */ = {
			isa = PBXVariantGroup;
			children = (
				8487842A216705B1006A6F01 /* Base */,
			);
			name = Main.storyboard;
			sourceTree = "<group>";
		};
		8487842E216705B1006A6F01 /* LaunchScreen.storyboard */ = {
			isa = PBXVariantGroup;
			children = (
				8487842F216705B1006A6F01 /* Base */,
			);
			name = LaunchScreen.storyboard;
			sourceTree = "<group>";
		};
/* End PBXVariantGroup section */

/* Begin XCBuildConfiguration section */
		84878448216705B1006A6F01 /* Debug */ = {
			isa = XCBuildConfiguration;
			buildSettings = {
				ALWAYS_SEARCH_USER_PATHS = NO;
				CLANG_ANALYZER_NONNULL = YES;
				CLANG_ANALYZER_NUMBER_OBJECT_CONVERSION = YES_AGGRESSIVE;
				CLANG_CXX_LANGUAGE_STANDARD = "gnu++14";
				CLANG_CXX_LIBRARY = "libc++";
				CLANG_ENABLE_MODULES = YES;
				CLANG_ENABLE_OBJC_ARC = YES;
				CLANG_ENABLE_OBJC_WEAK = YES;
				CLANG_WARN_BLOCK_CAPTURE_AUTORELEASING = YES;
				CLANG_WARN_BOOL_CONVERSION = YES;
				CLANG_WARN_COMMA = YES;
				CLANG_WARN_CONSTANT_CONVERSION = YES;
				CLANG_WARN_DEPRECATED_OBJC_IMPLEMENTATIONS = YES;
				CLANG_WARN_DIRECT_OBJC_ISA_USAGE = YES_ERROR;
				CLANG_WARN_DOCUMENTATION_COMMENTS = YES;
				CLANG_WARN_EMPTY_BODY = YES;
				CLANG_WARN_ENUM_CONVERSION = YES;
				CLANG_WARN_INFINITE_RECURSION = YES;
				CLANG_WARN_INT_CONVERSION = YES;
				CLANG_WARN_NON_LITERAL_NULL_CONVERSION = YES;
				CLANG_WARN_OBJC_IMPLICIT_RETAIN_SELF = YES;
				CLANG_WARN_OBJC_LITERAL_CONVERSION = YES;
				CLANG_WARN_OBJC_ROOT_CLASS = YES_ERROR;
				CLANG_WARN_RANGE_LOOP_ANALYSIS = YES;
				CLANG_WARN_STRICT_PROTOTYPES = YES;
				CLANG_WARN_SUSPICIOUS_MOVE = YES;
				CLANG_WARN_UNGUARDED_AVAILABILITY = YES_AGGRESSIVE;
				CLANG_WARN_UNREACHABLE_CODE = YES;
				CLANG_WARN__DUPLICATE_METHOD_MATCH = YES;
				CODE_SIGN_IDENTITY = "iPhone Developer";
				COPY_PHASE_STRIP = NO;
				DEBUG_INFORMATION_FORMAT = dwarf;
				ENABLE_STRICT_OBJC_MSGSEND = YES;
				ENABLE_TESTABILITY = YES;
				GCC_C_LANGUAGE_STANDARD = gnu11;
				GCC_DYNAMIC_NO_PIC = NO;
				GCC_NO_COMMON_BLOCKS = YES;
				GCC_OPTIMIZATION_LEVEL = 0;
				GCC_PREPROCESSOR_DEFINITIONS = (
					"DEBUG=1",
					"$(inherited)",
				);
				GCC_WARN_64_TO_32_BIT_CONVERSION = YES;
				GCC_WARN_ABOUT_RETURN_TYPE = YES_ERROR;
				GCC_WARN_UNDECLARED_SELECTOR = YES;
				GCC_WARN_UNINITIALIZED_AUTOS = YES_AGGRESSIVE;
				GCC_WARN_UNUSED_FUNCTION = YES;
				GCC_WARN_UNUSED_VARIABLE = YES;
				IPHONEOS_DEPLOYMENT_TARGET = 12.0;
				MTL_ENABLE_DEBUG_INFO = INCLUDE_SOURCE;
				MTL_FAST_MATH = YES;
				ONLY_ACTIVE_ARCH = YES;
				SDKROOT = iphoneos;
				SWIFT_ACTIVE_COMPILATION_CONDITIONS = DEBUG;
				SWIFT_OPTIMIZATION_LEVEL = "-Onone";
			};
			name = Debug;
		};
		84878449216705B1006A6F01 /* Release */ = {
			isa = XCBuildConfiguration;
			buildSettings = {
				ALWAYS_SEARCH_USER_PATHS = NO;
				CLANG_ANALYZER_NONNULL = YES;
				CLANG_ANALYZER_NUMBER_OBJECT_CONVERSION = YES_AGGRESSIVE;
				CLANG_CXX_LANGUAGE_STANDARD = "gnu++14";
				CLANG_CXX_LIBRARY = "libc++";
				CLANG_ENABLE_MODULES = YES;
				CLANG_ENABLE_OBJC_ARC = YES;
				CLANG_ENABLE_OBJC_WEAK = YES;
				CLANG_WARN_BLOCK_CAPTURE_AUTORELEASING = YES;
				CLANG_WARN_BOOL_CONVERSION = YES;
				CLANG_WARN_COMMA = YES;
				CLANG_WARN_CONSTANT_CONVERSION = YES;
				CLANG_WARN_DEPRECATED_OBJC_IMPLEMENTATIONS = YES;
				CLANG_WARN_DIRECT_OBJC_ISA_USAGE = YES_ERROR;
				CLANG_WARN_DOCUMENTATION_COMMENTS = YES;
				CLANG_WARN_EMPTY_BODY = YES;
				CLANG_WARN_ENUM_CONVERSION = YES;
				CLANG_WARN_INFINITE_RECURSION = YES;
				CLANG_WARN_INT_CONVERSION = YES;
				CLANG_WARN_NON_LITERAL_NULL_CONVERSION = YES;
				CLANG_WARN_OBJC_IMPLICIT_RETAIN_SELF = YES;
				CLANG_WARN_OBJC_LITERAL_CONVERSION = YES;
				CLANG_WARN_OBJC_ROOT_CLASS = YES_ERROR;
				CLANG_WARN_RANGE_LOOP_ANALYSIS = YES;
				CLANG_WARN_STRICT_PROTOTYPES = YES;
				CLANG_WARN_SUSPICIOUS_MOVE = YES;
				CLANG_WARN_UNGUARDED_AVAILABILITY = YES_AGGRESSIVE;
				CLANG_WARN_UNREACHABLE_CODE = YES;
				CLANG_WARN__DUPLICATE_METHOD_MATCH = YES;
				CODE_SIGN_IDENTITY = "iPhone Developer";
				COPY_PHASE_STRIP = NO;
				DEBUG_INFORMATION_FORMAT = "dwarf-with-dsym";
				ENABLE_NS_ASSERTIONS = NO;
				ENABLE_STRICT_OBJC_MSGSEND = YES;
				GCC_C_LANGUAGE_STANDARD = gnu11;
				GCC_NO_COMMON_BLOCKS = YES;
				GCC_WARN_64_TO_32_BIT_CONVERSION = YES;
				GCC_WARN_ABOUT_RETURN_TYPE = YES_ERROR;
				GCC_WARN_UNDECLARED_SELECTOR = YES;
				GCC_WARN_UNINITIALIZED_AUTOS = YES_AGGRESSIVE;
				GCC_WARN_UNUSED_FUNCTION = YES;
				GCC_WARN_UNUSED_VARIABLE = YES;
				IPHONEOS_DEPLOYMENT_TARGET = 12.0;
				MTL_ENABLE_DEBUG_INFO = NO;
				MTL_FAST_MATH = YES;
				SDKROOT = iphoneos;
				SWIFT_COMPILATION_MODE = wholemodule;
				SWIFT_OPTIMIZATION_LEVEL = "-O";
				VALIDATE_PRODUCT = YES;
			};
			name = Release;
		};
		8487844B216705B1006A6F01 /* Debug */ = {
			isa = XCBuildConfiguration;
			buildSettings = {
				ASSETCATALOG_COMPILER_APPICON_NAME = AppIcon;
				ASSETCATALOG_COMPILER_LAUNCHIMAGE_NAME = "Brand Assets";
				CODE_SIGN_STYLE = Automatic;
				INFOPLIST_FILE = OrganizeMe/Info.plist;
				LD_RUNPATH_SEARCH_PATHS = (
					"$(inherited)",
					"@executable_path/Frameworks",
				);
				PRODUCT_BUNDLE_IDENTIFIER = com.bessho.OrganizeMe;
				PRODUCT_NAME = "$(TARGET_NAME)";
				SWIFT_VERSION = 4.2;
				TARGETED_DEVICE_FAMILY = "1,2";
			};
			name = Debug;
		};
		8487844C216705B1006A6F01 /* Release */ = {
			isa = XCBuildConfiguration;
			buildSettings = {
				ASSETCATALOG_COMPILER_APPICON_NAME = AppIcon;
				ASSETCATALOG_COMPILER_LAUNCHIMAGE_NAME = "Brand Assets";
				CODE_SIGN_STYLE = Automatic;
				INFOPLIST_FILE = OrganizeMe/Info.plist;
				LD_RUNPATH_SEARCH_PATHS = (
					"$(inherited)",
					"@executable_path/Frameworks",
				);
				PRODUCT_BUNDLE_IDENTIFIER = com.bessho.OrganizeMe;
				PRODUCT_NAME = "$(TARGET_NAME)";
				SWIFT_VERSION = 4.2;
				TARGETED_DEVICE_FAMILY = "1,2";
			};
			name = Release;
		};
		8487844E216705B1006A6F01 /* Debug */ = {
			isa = XCBuildConfiguration;
			buildSettings = {
				ALWAYS_EMBED_SWIFT_STANDARD_LIBRARIES = YES;
				BUNDLE_LOADER = "$(TEST_HOST)";
				CODE_SIGN_STYLE = Automatic;
				INFOPLIST_FILE = OrganizeMeTests/Info.plist;
				LD_RUNPATH_SEARCH_PATHS = (
					"$(inherited)",
					"@executable_path/Frameworks",
					"@loader_path/Frameworks",
				);
				PRODUCT_BUNDLE_IDENTIFIER = com.bessho.OrganizeMeTests;
				PRODUCT_NAME = "$(TARGET_NAME)";
				SWIFT_VERSION = 4.2;
				TARGETED_DEVICE_FAMILY = "1,2";
				TEST_HOST = "$(BUILT_PRODUCTS_DIR)/OrganizeMe.app/OrganizeMe";
			};
			name = Debug;
		};
		8487844F216705B1006A6F01 /* Release */ = {
			isa = XCBuildConfiguration;
			buildSettings = {
				ALWAYS_EMBED_SWIFT_STANDARD_LIBRARIES = YES;
				BUNDLE_LOADER = "$(TEST_HOST)";
				CODE_SIGN_STYLE = Automatic;
				INFOPLIST_FILE = OrganizeMeTests/Info.plist;
				LD_RUNPATH_SEARCH_PATHS = (
					"$(inherited)",
					"@executable_path/Frameworks",
					"@loader_path/Frameworks",
				);
				PRODUCT_BUNDLE_IDENTIFIER = com.bessho.OrganizeMeTests;
				PRODUCT_NAME = "$(TARGET_NAME)";
				SWIFT_VERSION = 4.2;
				TARGETED_DEVICE_FAMILY = "1,2";
				TEST_HOST = "$(BUILT_PRODUCTS_DIR)/OrganizeMe.app/OrganizeMe";
			};
			name = Release;
		};
		84878451216705B1006A6F01 /* Debug */ = {
			isa = XCBuildConfiguration;
			buildSettings = {
				ALWAYS_EMBED_SWIFT_STANDARD_LIBRARIES = YES;
				CODE_SIGN_STYLE = Automatic;
				INFOPLIST_FILE = OrganizeMeUITests/Info.plist;
				LD_RUNPATH_SEARCH_PATHS = (
					"$(inherited)",
					"@executable_path/Frameworks",
					"@loader_path/Frameworks",
				);
				PRODUCT_BUNDLE_IDENTIFIER = com.bessho.OrganizeMeUITests;
				PRODUCT_NAME = "$(TARGET_NAME)";
				SWIFT_VERSION = 4.2;
				TARGETED_DEVICE_FAMILY = "1,2";
				TEST_TARGET_NAME = OrganizeMe;
			};
			name = Debug;
		};
		84878452216705B1006A6F01 /* Release */ = {
			isa = XCBuildConfiguration;
			buildSettings = {
				ALWAYS_EMBED_SWIFT_STANDARD_LIBRARIES = YES;
				CODE_SIGN_STYLE = Automatic;
				INFOPLIST_FILE = OrganizeMeUITests/Info.plist;
				LD_RUNPATH_SEARCH_PATHS = (
					"$(inherited)",
					"@executable_path/Frameworks",
					"@loader_path/Frameworks",
				);
				PRODUCT_BUNDLE_IDENTIFIER = com.bessho.OrganizeMeUITests;
				PRODUCT_NAME = "$(TARGET_NAME)";
				SWIFT_VERSION = 4.2;
				TARGETED_DEVICE_FAMILY = "1,2";
				TEST_TARGET_NAME = OrganizeMe;
			};
			name = Release;
		};
/* End XCBuildConfiguration section */

/* Begin XCConfigurationList section */
		8487841D216705B1006A6F01 /* Build configuration list for PBXProject "OrganizeMe" */ = {
			isa = XCConfigurationList;
			buildConfigurations = (
				84878448216705B1006A6F01 /* Debug */,
				84878449216705B1006A6F01 /* Release */,
			);
			defaultConfigurationIsVisible = 0;
			defaultConfigurationName = Release;
		};
		8487844A216705B1006A6F01 /* Build configuration list for PBXNativeTarget "OrganizeMe" */ = {
			isa = XCConfigurationList;
			buildConfigurations = (
				8487844B216705B1006A6F01 /* Debug */,
				8487844C216705B1006A6F01 /* Release */,
			);
			defaultConfigurationIsVisible = 0;
			defaultConfigurationName = Release;
		};
		8487844D216705B1006A6F01 /* Build configuration list for PBXNativeTarget "OrganizeMeTests" */ = {
			isa = XCConfigurationList;
			buildConfigurations = (
				8487844E216705B1006A6F01 /* Debug */,
				8487844F216705B1006A6F01 /* Release */,
			);
			defaultConfigurationIsVisible = 0;
			defaultConfigurationName = Release;
		};
		84878450216705B1006A6F01 /* Build configuration list for PBXNativeTarget "OrganizeMeUITests" */ = {
			isa = XCConfigurationList;
			buildConfigurations = (
				84878451216705B1006A6F01 /* Debug */,
				84878452216705B1006A6F01 /* Release */,
			);
			defaultConfigurationIsVisible = 0;
			defaultConfigurationName = Release;
		};
/* End XCConfigurationList section */
	};
	rootObject = 8487841A216705B1006A6F01 /* Project object */;
}
