// !$*UTF8*$!
{
	archiveVersion = 1;
	classes = {
	};
	objectVersion = 50;
	objects = {

/* Begin PBXBuildFile section */
		0124EE88215015CA00237890 /* AppDelegate.swift in Sources */ = {isa = PBXBuildFile; fileRef = 0124EE87215015CA00237890 /* AppDelegate.swift */; };
		0124EE8A215015CA00237890 /* ViewController.swift in Sources */ = {isa = PBXBuildFile; fileRef = 0124EE89215015CA00237890 /* ViewController.swift */; };
		0124EE8D215015CA00237890 /* Main.storyboard in Resources */ = {isa = PBXBuildFile; fileRef = 0124EE8B215015CA00237890 /* Main.storyboard */; };
		0124EE8F215015CA00237890 /* Assets.xcassets in Resources */ = {isa = PBXBuildFile; fileRef = 0124EE8E215015CA00237890 /* Assets.xcassets */; };
		0124EE92215015CA00237890 /* LaunchScreen.storyboard in Resources */ = {isa = PBXBuildFile; fileRef = 0124EE90215015CA00237890 /* LaunchScreen.storyboard */; };
		0124EE9D215015CA00237890 /* helloworldTests.swift in Sources */ = {isa = PBXBuildFile; fileRef = 0124EE9C215015CA00237890 /* helloworldTests.swift */; };
		0124EEA8215015CA00237890 /* helloworldUITests.swift in Sources */ = {isa = PBXBuildFile; fileRef = 0124EEA7215015CA00237890 /* helloworldUITests.swift */; };
		B0419931215546F700C98F21 /* Intents.framework in Frameworks */ = {isa = PBXBuildFile; fileRef = B0419930215546F700C98F21 /* Intents.framework */; };
/* End PBXBuildFile section */

/* Begin PBXContainerItemProxy section */
		0124EE99215015CA00237890 /* PBXContainerItemProxy */ = {
			isa = PBXContainerItemProxy;
			containerPortal = 0124EE7C215015CA00237890 /* Project object */;
			proxyType = 1;
			remoteGlobalIDString = 0124EE83215015CA00237890;
			remoteInfo = helloworld;
		};
		0124EEA4215015CA00237890 /* PBXContainerItemProxy */ = {
			isa = PBXContainerItemProxy;
			containerPortal = 0124EE7C215015CA00237890 /* Project object */;
			proxyType = 1;
			remoteGlobalIDString = 0124EE83215015CA00237890;
			remoteInfo = helloworld;
		};
/* End PBXContainerItemProxy section */

/* Begin PBXFileReference section */
		0124EE84215015CA00237890 /* helloworld.app */ = {isa = PBXFileReference; explicitFileType = wrapper.application; includeInIndex = 0; path = helloworld.app; sourceTree = BUILT_PRODUCTS_DIR; };
		0124EE87215015CA00237890 /* AppDelegate.swift */ = {isa = PBXFileReference; lastKnownFileType = sourcecode.swift; path = AppDelegate.swift; sourceTree = "<group>"; };
		0124EE89215015CA00237890 /* ViewController.swift */ = {isa = PBXFileReference; lastKnownFileType = sourcecode.swift; path = ViewController.swift; sourceTree = "<group>"; };
		0124EE8C215015CA00237890 /* Base */ = {isa = PBXFileReference; lastKnownFileType = file.storyboard; name = Base; path = Base.lproj/Main.storyboard; sourceTree = "<group>"; };
		0124EE8E215015CA00237890 /* Assets.xcassets */ = {isa = PBXFileReference; lastKnownFileType = folder.assetcatalog; path = Assets.xcassets; sourceTree = "<group>"; };
		0124EE91215015CA00237890 /* Base */ = {isa = PBXFileReference; lastKnownFileType = file.storyboard; name = Base; path = Base.lproj/LaunchScreen.storyboard; sourceTree = "<group>"; };
		0124EE93215015CA00237890 /* Info.plist */ = {isa = PBXFileReference; lastKnownFileType = text.plist.xml; path = Info.plist; sourceTree = "<group>"; };
		0124EE98215015CA00237890 /* helloworldTests.xctest */ = {isa = PBXFileReference; explicitFileType = wrapper.cfbundle; includeInIndex = 0; path = helloworldTests.xctest; sourceTree = BUILT_PRODUCTS_DIR; };
		0124EE9C215015CA00237890 /* helloworldTests.swift */ = {isa = PBXFileReference; lastKnownFileType = sourcecode.swift; path = helloworldTests.swift; sourceTree = "<group>"; };
		0124EE9E215015CA00237890 /* Info.plist */ = {isa = PBXFileReference; lastKnownFileType = text.plist.xml; path = Info.plist; sourceTree = "<group>"; };
		0124EEA3215015CA00237890 /* helloworldUITests.xctest */ = {isa = PBXFileReference; explicitFileType = wrapper.cfbundle; includeInIndex = 0; path = helloworldUITests.xctest; sourceTree = BUILT_PRODUCTS_DIR; };
		0124EEA7215015CA00237890 /* helloworldUITests.swift */ = {isa = PBXFileReference; lastKnownFileType = sourcecode.swift; path = helloworldUITests.swift; sourceTree = "<group>"; };
		0124EEA9215015CA00237890 /* Info.plist */ = {isa = PBXFileReference; lastKnownFileType = text.plist.xml; path = Info.plist; sourceTree = "<group>"; };
		B0419930215546F700C98F21 /* Intents.framework */ = {isa = PBXFileReference; lastKnownFileType = wrapper.framework; name = Intents.framework; path = System/Library/Frameworks/Intents.framework; sourceTree = SDKROOT; };
/* End PBXFileReference section */

/* Begin PBXFrameworksBuildPhase section */
		0124EE81215015CA00237890 /* Frameworks */ = {
			isa = PBXFrameworksBuildPhase;
			buildActionMask = 2147483647;
			files = (
				B0419931215546F700C98F21 /* Intents.framework in Frameworks */,
			);
			runOnlyForDeploymentPostprocessing = 0;
		};
		0124EE95215015CA00237890 /* Frameworks */ = {
			isa = PBXFrameworksBuildPhase;
			buildActionMask = 2147483647;
			files = (
			);
			runOnlyForDeploymentPostprocessing = 0;
		};
		0124EEA0215015CA00237890 /* Frameworks */ = {
			isa = PBXFrameworksBuildPhase;
			buildActionMask = 2147483647;
			files = (
			);
			runOnlyForDeploymentPostprocessing = 0;
		};
/* End PBXFrameworksBuildPhase section */

/* Begin PBXGroup section */
		0124EE7B215015CA00237890 = {
			isa = PBXGroup;
			children = (
				0124EE86215015CA00237890 /* helloworld */,
				0124EE9B215015CA00237890 /* helloworldTests */,
				0124EEA6215015CA00237890 /* helloworldUITests */,
				0124EE85215015CA00237890 /* Products */,
				B041992F215546F700C98F21 /* Frameworks */,
			);
			sourceTree = "<group>";
		};
		0124EE85215015CA00237890 /* Products */ = {
			isa = PBXGroup;
			children = (
				0124EE84215015CA00237890 /* helloworld.app */,
				0124EE98215015CA00237890 /* helloworldTests.xctest */,
				0124EEA3215015CA00237890 /* helloworldUITests.xctest */,
			);
			name = Products;
			sourceTree = "<group>";
		};
		0124EE86215015CA00237890 /* helloworld */ = {
			isa = PBXGroup;
			children = (
				0124EE87215015CA00237890 /* AppDelegate.swift */,
				0124EE89215015CA00237890 /* ViewController.swift */,
				0124EE8B215015CA00237890 /* Main.storyboard */,
				0124EE8E215015CA00237890 /* Assets.xcassets */,
				0124EE90215015CA00237890 /* LaunchScreen.storyboard */,
				0124EE93215015CA00237890 /* Info.plist */,
			);
			path = helloworld;
			sourceTree = "<group>";
		};
		0124EE9B215015CA00237890 /* helloworldTests */ = {
			isa = PBXGroup;
			children = (
				0124EE9C215015CA00237890 /* helloworldTests.swift */,
				0124EE9E215015CA00237890 /* Info.plist */,
			);
			path = helloworldTests;
			sourceTree = "<group>";
		};
		0124EEA6215015CA00237890 /* helloworldUITests */ = {
			isa = PBXGroup;
			children = (
				0124EEA7215015CA00237890 /* helloworldUITests.swift */,
				0124EEA9215015CA00237890 /* Info.plist */,
			);
			path = helloworldUITests;
			sourceTree = "<group>";
		};
		B041992F215546F700C98F21 /* Frameworks */ = {
			isa = PBXGroup;
			children = (
				B0419930215546F700C98F21 /* Intents.framework */,
			);
			name = Frameworks;
			sourceTree = "<group>";
		};
/* End PBXGroup section */

/* Begin PBXNativeTarget section */
		0124EE83215015CA00237890 /* helloworld */ = {
			isa = PBXNativeTarget;
			buildConfigurationList = 0124EEAC215015CA00237890 /* Build configuration list for PBXNativeTarget "helloworld" */;
			buildPhases = (
				0124EE80215015CA00237890 /* Sources */,
				0124EE81215015CA00237890 /* Frameworks */,
				0124EE82215015CA00237890 /* Resources */,
			);
			buildRules = (
			);
			dependencies = (
			);
			name = helloworld;
			productName = helloworld;
			productReference = 0124EE84215015CA00237890 /* helloworld.app */;
			productType = "com.apple.product-type.application";
		};
		0124EE97215015CA00237890 /* helloworldTests */ = {
			isa = PBXNativeTarget;
			buildConfigurationList = 0124EEAF215015CA00237890 /* Build configuration list for PBXNativeTarget "helloworldTests" */;
			buildPhases = (
				0124EE94215015CA00237890 /* Sources */,
				0124EE95215015CA00237890 /* Frameworks */,
				0124EE96215015CA00237890 /* Resources */,
			);
			buildRules = (
			);
			dependencies = (
				0124EE9A215015CA00237890 /* PBXTargetDependency */,
			);
			name = helloworldTests;
			productName = helloworldTests;
			productReference = 0124EE98215015CA00237890 /* helloworldTests.xctest */;
			productType = "com.apple.product-type.bundle.unit-test";
		};
		0124EEA2215015CA00237890 /* helloworldUITests */ = {
			isa = PBXNativeTarget;
			buildConfigurationList = 0124EEB2215015CA00237890 /* Build configuration list for PBXNativeTarget "helloworldUITests" */;
			buildPhases = (
				0124EE9F215015CA00237890 /* Sources */,
				0124EEA0215015CA00237890 /* Frameworks */,
				0124EEA1215015CA00237890 /* Resources */,
			);
			buildRules = (
			);
			dependencies = (
				0124EEA5215015CA00237890 /* PBXTargetDependency */,
			);
			name = helloworldUITests;
			productName = helloworldUITests;
			productReference = 0124EEA3215015CA00237890 /* helloworldUITests.xctest */;
			productType = "com.apple.product-type.bundle.ui-testing";
		};
/* End PBXNativeTarget section */

/* Begin PBXProject section */
		0124EE7C215015CA00237890 /* Project object */ = {
			isa = PBXProject;
			attributes = {
				LastSwiftUpdateCheck = 0940;
				LastUpgradeCheck = 0940;
				ORGANIZATIONNAME = "Bess Ho";
				TargetAttributes = {
					0124EE83215015CA00237890 = {
						CreatedOnToolsVersion = 9.4.1;
					};
					0124EE97215015CA00237890 = {
						CreatedOnToolsVersion = 9.4.1;
						TestTargetID = 0124EE83215015CA00237890;
					};
					0124EEA2215015CA00237890 = {
						CreatedOnToolsVersion = 9.4.1;
						TestTargetID = 0124EE83215015CA00237890;
					};
				};
			};
			buildConfigurationList = 0124EE7F215015CA00237890 /* Build configuration list for PBXProject "helloworld" */;
			compatibilityVersion = "Xcode 9.3";
			developmentRegion = en;
			hasScannedForEncodings = 0;
			knownRegions = (
				en,
				Base,
			);
			mainGroup = 0124EE7B215015CA00237890;
			productRefGroup = 0124EE85215015CA00237890 /* Products */;
			projectDirPath = "";
			projectRoot = "";
			targets = (
				0124EE83215015CA00237890 /* helloworld */,
				0124EE97215015CA00237890 /* helloworldTests */,
				0124EEA2215015CA00237890 /* helloworldUITests */,
			);
		};
/* End PBXProject section */

/* Begin PBXResourcesBuildPhase section */
		0124EE82215015CA00237890 /* Resources */ = {
			isa = PBXResourcesBuildPhase;
			buildActionMask = 2147483647;
			files = (
				0124EE92215015CA00237890 /* LaunchScreen.storyboard in Resources */,
				0124EE8F215015CA00237890 /* Assets.xcassets in Resources */,
				0124EE8D215015CA00237890 /* Main.storyboard in Resources */,
			);
			runOnlyForDeploymentPostprocessing = 0;
		};
		0124EE96215015CA00237890 /* Resources */ = {
			isa = PBXResourcesBuildPhase;
			buildActionMask = 2147483647;
			files = (
			);
			runOnlyForDeploymentPostprocessing = 0;
		};
		0124EEA1215015CA00237890 /* Resources */ = {
			isa = PBXResourcesBuildPhase;
			buildActionMask = 2147483647;
			files = (
			);
			runOnlyForDeploymentPostprocessing = 0;
		};
/* End PBXResourcesBuildPhase section */

/* Begin PBXSourcesBuildPhase section */
		0124EE80215015CA00237890 /* Sources */ = {
			isa = PBXSourcesBuildPhase;
			buildActionMask = 2147483647;
			files = (
				0124EE8A215015CA00237890 /* ViewController.swift in Sources */,
				0124EE88215015CA00237890 /* AppDelegate.swift in Sources */,
			);
			runOnlyForDeploymentPostprocessing = 0;
		};
		0124EE94215015CA00237890 /* Sources */ = {
			isa = PBXSourcesBuildPhase;
			buildActionMask = 2147483647;
			files = (
				0124EE9D215015CA00237890 /* helloworldTests.swift in Sources */,
			);
			runOnlyForDeploymentPostprocessing = 0;
		};
		0124EE9F215015CA00237890 /* Sources */ = {
			isa = PBXSourcesBuildPhase;
			buildActionMask = 2147483647;
			files = (
				0124EEA8215015CA00237890 /* helloworldUITests.swift in Sources */,
			);
			runOnlyForDeploymentPostprocessing = 0;
		};
/* End PBXSourcesBuildPhase section */

/* Begin PBXTargetDependency section */
		0124EE9A215015CA00237890 /* PBXTargetDependency */ = {
			isa = PBXTargetDependency;
			target = 0124EE83215015CA00237890 /* helloworld */;
			targetProxy = 0124EE99215015CA00237890 /* PBXContainerItemProxy */;
		};
		0124EEA5215015CA00237890 /* PBXTargetDependency */ = {
			isa = PBXTargetDependency;
			target = 0124EE83215015CA00237890 /* helloworld */;
			targetProxy = 0124EEA4215015CA00237890 /* PBXContainerItemProxy */;
		};
/* End PBXTargetDependency section */

/* Begin PBXVariantGroup section */
		0124EE8B215015CA00237890 /* Main.storyboard */ = {
			isa = PBXVariantGroup;
			children = (
				0124EE8C215015CA00237890 /* Base */,
			);
			name = Main.storyboard;
			sourceTree = "<group>";
		};
		0124EE90215015CA00237890 /* LaunchScreen.storyboard */ = {
			isa = PBXVariantGroup;
			children = (
				0124EE91215015CA00237890 /* Base */,
			);
			name = LaunchScreen.storyboard;
			sourceTree = "<group>";
		};
/* End PBXVariantGroup section */

/* Begin XCBuildConfiguration section */
		0124EEAA215015CA00237890 /* Debug */ = {
			isa = XCBuildConfiguration;
			buildSettings = {
				ALWAYS_SEARCH_USER_PATHS = NO;
				CLANG_ANALYZER_NONNULL = YES;
				CLANG_ANALYZER_NUMBER_OBJECT_CONVERSION = YES_AGGRESSIVE;
				CLANG_CXX_LANGUAGE_STANDARD = "gnu++14";
				CLANG_CXX_LIBRARY = "libc++";
				CLANG_ENABLE_MODULES = YES;
				CLANG_ENABLE_OBJC_ARC = YES;
				CLANG_ENABLE_OBJC_WEAK = YES;
				CLANG_WARN_BLOCK_CAPTURE_AUTORELEASING = YES;
				CLANG_WARN_BOOL_CONVERSION = YES;
				CLANG_WARN_COMMA = YES;
				CLANG_WARN_CONSTANT_CONVERSION = YES;
				CLANG_WARN_DEPRECATED_OBJC_IMPLEMENTATIONS = YES;
				CLANG_WARN_DIRECT_OBJC_ISA_USAGE = YES_ERROR;
				CLANG_WARN_DOCUMENTATION_COMMENTS = YES;
				CLANG_WARN_EMPTY_BODY = YES;
				CLANG_WARN_ENUM_CONVERSION = YES;
				CLANG_WARN_INFINITE_RECURSION = YES;
				CLANG_WARN_INT_CONVERSION = YES;
				CLANG_WARN_NON_LITERAL_NULL_CONVERSION = YES;
				CLANG_WARN_OBJC_IMPLICIT_RETAIN_SELF = YES;
				CLANG_WARN_OBJC_LITERAL_CONVERSION = YES;
				CLANG_WARN_OBJC_ROOT_CLASS = YES_ERROR;
				CLANG_WARN_RANGE_LOOP_ANALYSIS = YES;
				CLANG_WARN_STRICT_PROTOTYPES = YES;
				CLANG_WARN_SUSPICIOUS_MOVE = YES;
				CLANG_WARN_UNGUARDED_AVAILABILITY = YES_AGGRESSIVE;
				CLANG_WARN_UNREACHABLE_CODE = YES;
				CLANG_WARN__DUPLICATE_METHOD_MATCH = YES;
				CODE_SIGN_IDENTITY = "iPhone Developer";
				COPY_PHASE_STRIP = NO;
				DEBUG_INFORMATION_FORMAT = dwarf;
				ENABLE_STRICT_OBJC_MSGSEND = YES;
				ENABLE_TESTABILITY = YES;
				GCC_C_LANGUAGE_STANDARD = gnu11;
				GCC_DYNAMIC_NO_PIC = NO;
				GCC_NO_COMMON_BLOCKS = YES;
				GCC_OPTIMIZATION_LEVEL = 0;
				GCC_PREPROCESSOR_DEFINITIONS = (
					"DEBUG=1",
					"$(inherited)",
				);
				GCC_WARN_64_TO_32_BIT_CONVERSION = YES;
				GCC_WARN_ABOUT_RETURN_TYPE = YES_ERROR;
				GCC_WARN_UNDECLARED_SELECTOR = YES;
				GCC_WARN_UNINITIALIZED_AUTOS = YES_AGGRESSIVE;
				GCC_WARN_UNUSED_FUNCTION = YES;
				GCC_WARN_UNUSED_VARIABLE = YES;
				IPHONEOS_DEPLOYMENT_TARGET = 11.4;
				MTL_ENABLE_DEBUG_INFO = YES;
				ONLY_ACTIVE_ARCH = YES;
				SDKROOT = iphoneos;
				SWIFT_ACTIVE_COMPILATION_CONDITIONS = DEBUG;
				SWIFT_OPTIMIZATION_LEVEL = "-Onone";
			};
			name = Debug;
		};
		0124EEAB215015CA00237890 /* Release */ = {
			isa = XCBuildConfiguration;
			buildSettings = {
				ALWAYS_SEARCH_USER_PATHS = NO;
				CLANG_ANALYZER_NONNULL = YES;
				CLANG_ANALYZER_NUMBER_OBJECT_CONVERSION = YES_AGGRESSIVE;
				CLANG_CXX_LANGUAGE_STANDARD = "gnu++14";
				CLANG_CXX_LIBRARY = "libc++";
				CLANG_ENABLE_MODULES = YES;
				CLANG_ENABLE_OBJC_ARC = YES;
				CLANG_ENABLE_OBJC_WEAK = YES;
				CLANG_WARN_BLOCK_CAPTURE_AUTORELEASING = YES;
				CLANG_WARN_BOOL_CONVERSION = YES;
				CLANG_WARN_COMMA = YES;
				CLANG_WARN_CONSTANT_CONVERSION = YES;
				CLANG_WARN_DEPRECATED_OBJC_IMPLEMENTATIONS = YES;
				CLANG_WARN_DIRECT_OBJC_ISA_USAGE = YES_ERROR;
				CLANG_WARN_DOCUMENTATION_COMMENTS = YES;
				CLANG_WARN_EMPTY_BODY = YES;
				CLANG_WARN_ENUM_CONVERSION = YES;
				CLANG_WARN_INFINITE_RECURSION = YES;
				CLANG_WARN_INT_CONVERSION = YES;
				CLANG_WARN_NON_LITERAL_NULL_CONVERSION = YES;
				CLANG_WARN_OBJC_IMPLICIT_RETAIN_SELF = YES;
				CLANG_WARN_OBJC_LITERAL_CONVERSION = YES;
				CLANG_WARN_OBJC_ROOT_CLASS = YES_ERROR;
				CLANG_WARN_RANGE_LOOP_ANALYSIS = YES;
				CLANG_WARN_STRICT_PROTOTYPES = YES;
				CLANG_WARN_SUSPICIOUS_MOVE = YES;
				CLANG_WARN_UNGUARDED_AVAILABILITY = YES_AGGRESSIVE;
				CLANG_WARN_UNREACHABLE_CODE = YES;
				CLANG_WARN__DUPLICATE_METHOD_MATCH = YES;
				CODE_SIGN_IDENTITY = "iPhone Developer";
				COPY_PHASE_STRIP = NO;
				DEBUG_INFORMATION_FORMAT = "dwarf-with-dsym";
				ENABLE_NS_ASSERTIONS = NO;
				ENABLE_STRICT_OBJC_MSGSEND = YES;
				GCC_C_LANGUAGE_STANDARD = gnu11;
				GCC_NO_COMMON_BLOCKS = YES;
				GCC_WARN_64_TO_32_BIT_CONVERSION = YES;
				GCC_WARN_ABOUT_RETURN_TYPE = YES_ERROR;
				GCC_WARN_UNDECLARED_SELECTOR = YES;
				GCC_WARN_UNINITIALIZED_AUTOS = YES_AGGRESSIVE;
				GCC_WARN_UNUSED_FUNCTION = YES;
				GCC_WARN_UNUSED_VARIABLE = YES;
				IPHONEOS_DEPLOYMENT_TARGET = 11.4;
				MTL_ENABLE_DEBUG_INFO = NO;
				SDKROOT = iphoneos;
				SWIFT_COMPILATION_MODE = wholemodule;
				SWIFT_OPTIMIZATION_LEVEL = "-O";
				VALIDATE_PRODUCT = YES;
			};
			name = Release;
		};
		0124EEAD215015CA00237890 /* Debug */ = {
			isa = XCBuildConfiguration;
			buildSettings = {
				ASSETCATALOG_COMPILER_APPICON_NAME = AppIcon;
				CODE_SIGN_STYLE = Automatic;
				INFOPLIST_FILE = helloworld/Info.plist;
				LD_RUNPATH_SEARCH_PATHS = (
					"$(inherited)",
					"@executable_path/Frameworks",
				);
				PRODUCT_BUNDLE_IDENTIFIER = com.bessho.helloworld;
				PRODUCT_NAME = "$(TARGET_NAME)";
				SWIFT_VERSION = 4.0;
				TARGETED_DEVICE_FAMILY = "1,2";
			};
			name = Debug;
		};
		0124EEAE215015CA00237890 /* Release */ = {
			isa = XCBuildConfiguration;
			buildSettings = {
				ASSETCATALOG_COMPILER_APPICON_NAME = AppIcon;
				CODE_SIGN_STYLE = Automatic;
				INFOPLIST_FILE = helloworld/Info.plist;
				LD_RUNPATH_SEARCH_PATHS = (
					"$(inherited)",
					"@executable_path/Frameworks",
				);
				PRODUCT_BUNDLE_IDENTIFIER = com.bessho.helloworld;
				PRODUCT_NAME = "$(TARGET_NAME)";
				SWIFT_VERSION = 4.0;
				TARGETED_DEVICE_FAMILY = "1,2";
			};
			name = Release;
		};
		0124EEB0215015CA00237890 /* Debug */ = {
			isa = XCBuildConfiguration;
			buildSettings = {
				ALWAYS_EMBED_SWIFT_STANDARD_LIBRARIES = YES;
				BUNDLE_LOADER = "$(TEST_HOST)";
				CODE_SIGN_STYLE = Automatic;
				INFOPLIST_FILE = helloworldTests/Info.plist;
				LD_RUNPATH_SEARCH_PATHS = (
					"$(inherited)",
					"@executable_path/Frameworks",
					"@loader_path/Frameworks",
				);
				PRODUCT_BUNDLE_IDENTIFIER = com.bessho.helloworldTests;
				PRODUCT_NAME = "$(TARGET_NAME)";
				SWIFT_VERSION = 4.0;
				TARGETED_DEVICE_FAMILY = "1,2";
				TEST_HOST = "$(BUILT_PRODUCTS_DIR)/helloworld.app/helloworld";
			};
			name = Debug;
		};
		0124EEB1215015CA00237890 /* Release */ = {
			isa = XCBuildConfiguration;
			buildSettings = {
				ALWAYS_EMBED_SWIFT_STANDARD_LIBRARIES = YES;
				BUNDLE_LOADER = "$(TEST_HOST)";
				CODE_SIGN_STYLE = Automatic;
				INFOPLIST_FILE = helloworldTests/Info.plist;
				LD_RUNPATH_SEARCH_PATHS = (
					"$(inherited)",
					"@executable_path/Frameworks",
					"@loader_path/Frameworks",
				);
				PRODUCT_BUNDLE_IDENTIFIER = com.bessho.helloworldTests;
				PRODUCT_NAME = "$(TARGET_NAME)";
				SWIFT_VERSION = 4.0;
				TARGETED_DEVICE_FAMILY = "1,2";
				TEST_HOST = "$(BUILT_PRODUCTS_DIR)/helloworld.app/helloworld";
			};
			name = Release;
		};
		0124EEB3215015CA00237890 /* Debug */ = {
			isa = XCBuildConfiguration;
			buildSettings = {
				ALWAYS_EMBED_SWIFT_STANDARD_LIBRARIES = YES;
				CODE_SIGN_STYLE = Automatic;
				INFOPLIST_FILE = helloworldUITests/Info.plist;
				LD_RUNPATH_SEARCH_PATHS = (
					"$(inherited)",
					"@executable_path/Frameworks",
					"@loader_path/Frameworks",
				);
				PRODUCT_BUNDLE_IDENTIFIER = com.bessho.helloworldUITests;
				PRODUCT_NAME = "$(TARGET_NAME)";
				SWIFT_VERSION = 4.0;
				TARGETED_DEVICE_FAMILY = "1,2";
				TEST_TARGET_NAME = helloworld;
			};
			name = Debug;
		};
		0124EEB4215015CA00237890 /* Release */ = {
			isa = XCBuildConfiguration;
			buildSettings = {
				ALWAYS_EMBED_SWIFT_STANDARD_LIBRARIES = YES;
				CODE_SIGN_STYLE = Automatic;
				INFOPLIST_FILE = helloworldUITests/Info.plist;
				LD_RUNPATH_SEARCH_PATHS = (
					"$(inherited)",
					"@executable_path/Frameworks",
					"@loader_path/Frameworks",
				);
				PRODUCT_BUNDLE_IDENTIFIER = com.bessho.helloworldUITests;
				PRODUCT_NAME = "$(TARGET_NAME)";
				SWIFT_VERSION = 4.0;
				TARGETED_DEVICE_FAMILY = "1,2";
				TEST_TARGET_NAME = helloworld;
			};
			name = Release;
		};
/* End XCBuildConfiguration section */

/* Begin XCConfigurationList section */
		0124EE7F215015CA00237890 /* Build configuration list for PBXProject "helloworld" */ = {
			isa = XCConfigurationList;
			buildConfigurations = (
				0124EEAA215015CA00237890 /* Debug */,
				0124EEAB215015CA00237890 /* Release */,
			);
			defaultConfigurationIsVisible = 0;
			defaultConfigurationName = Release;
		};
		0124EEAC215015CA00237890 /* Build configuration list for PBXNativeTarget "helloworld" */ = {
			isa = XCConfigurationList;
			buildConfigurations = (
				0124EEAD215015CA00237890 /* Debug */,
				0124EEAE215015CA00237890 /* Release */,
			);
			defaultConfigurationIsVisible = 0;
			defaultConfigurationName = Release;
		};
		0124EEAF215015CA00237890 /* Build configuration list for PBXNativeTarget "helloworldTests" */ = {
			isa = XCConfigurationList;
			buildConfigurations = (
				0124EEB0215015CA00237890 /* Debug */,
				0124EEB1215015CA00237890 /* Release */,
			);
			defaultConfigurationIsVisible = 0;
			defaultConfigurationName = Release;
		};
		0124EEB2215015CA00237890 /* Build configuration list for PBXNativeTarget "helloworldUITests" */ = {
			isa = XCConfigurationList;
			buildConfigurations = (
				0124EEB3215015CA00237890 /* Debug */,
				0124EEB4215015CA00237890 /* Release */,
			);
			defaultConfigurationIsVisible = 0;
			defaultConfigurationName = Release;
		};
/* End XCConfigurationList section */
	};
	rootObject = 0124EE7C215015CA00237890 /* Project object */;
}
